// !$*UTF8*$!
{
	archiveVersion = 1;
	classes = {
	};
	objectVersion = 46;
	objects = {

/* Begin PBXBuildFile section */
		C255F00214D51A7E001247C3 /* HitGameEngine.m in Sources */ = {isa = PBXBuildFile; fileRef = C255F00114D51A7E001247C3 /* HitGameEngine.m */; };
		C255F00714D51BC5001247C3 /* ExtraGameController.m in Sources */ = {isa = PBXBuildFile; fileRef = C255F00514D51BC4001247C3 /* ExtraGameController.m */; };
		C255F00814D51BC5001247C3 /* ExtraGameController.xib in Resources */ = {isa = PBXBuildFile; fileRef = C255F00614D51BC4001247C3 /* ExtraGameController.xib */; };
		C28D379714B438430098033B /* bg-addbutton-highlighted.png in Resources */ = {isa = PBXBuildFile; fileRef = C28D378A14B438430098033B /* bg-addbutton-highlighted.png */; };
		C28D379814B438430098033B /* bg-addbutton-highlighted@2x.png in Resources */ = {isa = PBXBuildFile; fileRef = C28D378B14B438430098033B /* bg-addbutton-highlighted@2x.png */; };
		C28D379914B438430098033B /* bg-addbutton.png in Resources */ = {isa = PBXBuildFile; fileRef = C28D378C14B438430098033B /* bg-addbutton.png */; };
		C28D379A14B438430098033B /* bg-addbutton@2x.png in Resources */ = {isa = PBXBuildFile; fileRef = C28D378D14B438430098033B /* bg-addbutton@2x.png */; };
		C28D379B14B438430098033B /* bg-menuitem-highlighted@2x.png in Resources */ = {isa = PBXBuildFile; fileRef = C28D378E14B438430098033B /* bg-menuitem-highlighted@2x.png */; };
		C28D379C14B438430098033B /* bg-menuitem.png in Resources */ = {isa = PBXBuildFile; fileRef = C28D378F14B438430098033B /* bg-menuitem.png */; };
		C28D379D14B438430098033B /* bg-menuitem@2x.png in Resources */ = {isa = PBXBuildFile; fileRef = C28D379014B438430098033B /* bg-menuitem@2x.png */; };
		C28D379E14B438430098033B /* icon-plus-highlighted.png in Resources */ = {isa = PBXBuildFile; fileRef = C28D379114B438430098033B /* icon-plus-highlighted.png */; };
		C28D379F14B438430098033B /* icon-plus-highlighted@2x.png in Resources */ = {isa = PBXBuildFile; fileRef = C28D379214B438430098033B /* icon-plus-highlighted@2x.png */; };
		C28D37A014B438430098033B /* icon-plus.png in Resources */ = {isa = PBXBuildFile; fileRef = C28D379314B438430098033B /* icon-plus.png */; };
		C28D37A114B438430098033B /* icon-plus@2x.png in Resources */ = {isa = PBXBuildFile; fileRef = C28D379414B438430098033B /* icon-plus@2x.png */; };
		C28D37A214B438430098033B /* icon-star.png in Resources */ = {isa = PBXBuildFile; fileRef = C28D379514B438430098033B /* icon-star.png */; };
		C28D37A314B438430098033B /* icon-star@2x.png in Resources */ = {isa = PBXBuildFile; fileRef = C28D379614B438430098033B /* icon-star@2x.png */; };
		C28D37BC14B4581D0098033B /* GameSettingController.m in Sources */ = {isa = PBXBuildFile; fileRef = C28D37BA14B4581D0098033B /* GameSettingController.m */; };
		C28D37BD14B4581D0098033B /* GameSettingController.xib in Resources */ = {isa = PBXBuildFile; fileRef = C28D37BB14B4581D0098033B /* GameSettingController.xib */; };
		C2C1DA1A14D7E7D90050D4EC /* Localizable.strings in Resources */ = {isa = PBXBuildFile; fileRef = C2C1DA1C14D7E7D90050D4EC /* Localizable.strings */; };
		C2C3815914BBF42E009B46EC /* HelpView.m in Sources */ = {isa = PBXBuildFile; fileRef = C2C3815814BBF42E009B46EC /* HelpView.m */; };
		C2C4292F14C3C20C00950747 /* helpImg1.png in Resources */ = {isa = PBXBuildFile; fileRef = C2C4292D14C3C20C00950747 /* helpImg1.png */; };
		C2C4293014C3C20C00950747 /* helpImg2.png in Resources */ = {isa = PBXBuildFile; fileRef = C2C4292E14C3C20C00950747 /* helpImg2.png */; };
		C2C4293814C40CA100950747 /* TimeUtils.m in Sources */ = {isa = PBXBuildFile; fileRef = C2C4293714C40CA100950747 /* TimeUtils.m */; };
		C2C6404414C805E000D86D12 /* GameFinishView.m in Sources */ = {isa = PBXBuildFile; fileRef = C2C6404314C805E000D86D12 /* GameFinishView.m */; };
		C2C6404714C805F800D86D12 /* GameFinishView.xib in Resources */ = {isa = PBXBuildFile; fileRef = C2C6404614C805F800D86D12 /* GameFinishView.xib */; };
		C2C6F0B214BD601A00AA0297 /* GameSettingManager.m in Sources */ = {isa = PBXBuildFile; fileRef = C2C6F0B114BD601A00AA0297 /* GameSettingManager.m */; };
		C2C6F0B514BD678100AA0297 /* AudioToolbox.framework in Frameworks */ = {isa = PBXBuildFile; fileRef = C2C6F0B414BD678100AA0297 /* AudioToolbox.framework */; };
		C2C73A4014EA152E00763311 /* progress_bar@2x.png in Resources */ = {isa = PBXBuildFile; fileRef = C2C73A3E14EA152E00763311 /* progress_bar@2x.png */; };
		C2C73A4114EA152E00763311 /* progress@2x.png in Resources */ = {isa = PBXBuildFile; fileRef = C2C73A3F14EA152E00763311 /* progress@2x.png */; };
		C2CC0DA914C511FD00C6D095 /* beaten.wav in Resources */ = {isa = PBXBuildFile; fileRef = C2CC0DA714C511FD00C6D095 /* beaten.wav */; };
		C2CC0DAA14C511FD00C6D095 /* sword.wav in Resources */ = {isa = PBXBuildFile; fileRef = C2CC0DA814C511FD00C6D095 /* sword.wav */; };
		C2CC0DC014C5782E00C6D095 /* GameSettingView.m in Sources */ = {isa = PBXBuildFile; fileRef = C2CC0DBF14C5782E00C6D095 /* GameSettingView.m */; };
		C2D36A7514BAEFA600E2A96D /* Score.m in Sources */ = {isa = PBXBuildFile; fileRef = C2D36A7414BAEFA600E2A96D /* Score.m */; };
		C2DDBF5714BEB1D800CAD5E5 /* AVFoundation.framework in Frameworks */ = {isa = PBXBuildFile; fileRef = C2DDBF5614BEB1D800CAD5E5 /* AVFoundation.framework */; };
		C2DDBF5D14BEB73600CAD5E5 /* AudioManager.m in Sources */ = {isa = PBXBuildFile; fileRef = C2DDBF5C14BEB73600CAD5E5 /* AudioManager.m */; };
		C2E5E89614B83F0100852530 /* HighScoreController.m in Sources */ = {isa = PBXBuildFile; fileRef = C2E5E89414B83F0100852530 /* HighScoreController.m */; };
		C2E5E89714B83F0100852530 /* HighScoreController.xib in Resources */ = {isa = PBXBuildFile; fileRef = C2E5E89514B83F0100852530 /* HighScoreController.xib */; };
		C2ED8E5914E8F81900123947 /* back_pressed@2x.png in Resources */ = {isa = PBXBuildFile; fileRef = C2ED8E2A14E8F81900123947 /* back_pressed@2x.png */; };
		C2ED8E5A14E8F81900123947 /* back@2x.png in Resources */ = {isa = PBXBuildFile; fileRef = C2ED8E2B14E8F81900123947 /* back@2x.png */; };
		C2ED8E5B14E8F81900123947 /* background1@2x.png in Resources */ = {isa = PBXBuildFile; fileRef = C2ED8E2C14E8F81900123947 /* background1@2x.png */; };
		C2ED8E5C14E8F81900123947 /* background2@2x.png in Resources */ = {isa = PBXBuildFile; fileRef = C2ED8E2D14E8F81900123947 /* background2@2x.png */; };
		C2ED8E5D14E8F81900123947 /* board@2x.png in Resources */ = {isa = PBXBuildFile; fileRef = C2ED8E2E14E8F81900123947 /* board@2x.png */; };
		C2ED8E5E14E8F81900123947 /* click_pressed@2x.png in Resources */ = {isa = PBXBuildFile; fileRef = C2ED8E2F14E8F81900123947 /* click_pressed@2x.png */; };
		C2ED8E5F14E8F81900123947 /* click@2x.png in Resources */ = {isa = PBXBuildFile; fileRef = C2ED8E3014E8F81900123947 /* click@2x.png */; };
		C2ED8E6014E8F81900123947 /* continue_pressed@2x.png in Resources */ = {isa = PBXBuildFile; fileRef = C2ED8E3114E8F81900123947 /* continue_pressed@2x.png */; };
		C2ED8E6114E8F81900123947 /* continue_selection_pressed@2x.png in Resources */ = {isa = PBXBuildFile; fileRef = C2ED8E3214E8F81900123947 /* continue_selection_pressed@2x.png */; };
		C2ED8E6214E8F81900123947 /* continue_selection@2x.png in Resources */ = {isa = PBXBuildFile; fileRef = C2ED8E3314E8F81900123947 /* continue_selection@2x.png */; };
		C2ED8E6314E8F81900123947 /* continue@2x.png in Resources */ = {isa = PBXBuildFile; fileRef = C2ED8E3414E8F81900123947 /* continue@2x.png */; };
		C2ED8E6414E8F81900123947 /* settingDefault_pressed@2x.png in Resources */ = {isa = PBXBuildFile; fileRef = C2ED8E3514E8F81900123947 /* settingDefault_pressed@2x.png */; };
		C2ED8E6514E8F81900123947 /* settingDefault@2x.png in Resources */ = {isa = PBXBuildFile; fileRef = C2ED8E3614E8F81900123947 /* settingDefault@2x.png */; };
		C2ED8E6614E8F81900123947 /* filter_pressed@2x.png in Resources */ = {isa = PBXBuildFile; fileRef = C2ED8E3714E8F81900123947 /* filter_pressed@2x.png */; };
		C2ED8E6714E8F81900123947 /* filter@2x.png in Resources */ = {isa = PBXBuildFile; fileRef = C2ED8E3814E8F81900123947 /* filter@2x.png */; };
		C2ED8E6814E8F81900123947 /* help_pressed@2x.png in Resources */ = {isa = PBXBuildFile; fileRef = C2ED8E3914E8F81900123947 /* help_pressed@2x.png */; };
		C2ED8E6914E8F81900123947 /* help@2x.png in Resources */ = {isa = PBXBuildFile; fileRef = C2ED8E3A14E8F81900123947 /* help@2x.png */; };
		C2ED8E6A14E8F81900123947 /* highscore_pressed@2x.png in Resources */ = {isa = PBXBuildFile; fileRef = C2ED8E3B14E8F81900123947 /* highscore_pressed@2x.png */; };
		C2ED8E6B14E8F81900123947 /* highscore@2x.png in Resources */ = {isa = PBXBuildFile; fileRef = C2ED8E3C14E8F81900123947 /* highscore@2x.png */; };
		C2ED8E6C14E8F81900123947 /* level_pressed@2x.png in Resources */ = {isa = PBXBuildFile; fileRef = C2ED8E3D14E8F81900123947 /* level_pressed@2x.png */; };
		C2ED8E6D14E8F81900123947 /* level@2x.png in Resources */ = {isa = PBXBuildFile; fileRef = C2ED8E3E14E8F81900123947 /* level@2x.png */; };
		C2ED8E6E14E8F81900123947 /* locked_level_pressed@2x.png in Resources */ = {isa = PBXBuildFile; fileRef = C2ED8E3F14E8F81900123947 /* locked_level_pressed@2x.png */; };
		C2ED8E6F14E8F81900123947 /* locked_level@2x.png in Resources */ = {isa = PBXBuildFile; fileRef = C2ED8E4014E8F81900123947 /* locked_level@2x.png */; };
		C2ED8E7014E8F81900123947 /* mask@2x.png in Resources */ = {isa = PBXBuildFile; fileRef = C2ED8E4114E8F81900123947 /* mask@2x.png */; };
		C2ED8E7114E8F81900123947 /* menu_pressed@2x.png in Resources */ = {isa = PBXBuildFile; fileRef = C2ED8E4214E8F81900123947 /* menu_pressed@2x.png */; };
		C2ED8E7214E8F81900123947 /* menu@2x.png in Resources */ = {isa = PBXBuildFile; fileRef = C2ED8E4314E8F81900123947 /* menu@2x.png */; };
		C2ED8E7314E8F81900123947 /* paper@2x.png in Resources */ = {isa = PBXBuildFile; fileRef = C2ED8E4414E8F81900123947 /* paper@2x.png */; };
		C2ED8E7414E8F81900123947 /* paper2@2x.png in Resources */ = {isa = PBXBuildFile; fileRef = C2ED8E4514E8F81900123947 /* paper2@2x.png */; };
		C2ED8E7514E8F81900123947 /* replay_pressed@2x.png in Resources */ = {isa = PBXBuildFile; fileRef = C2ED8E4614E8F81900123947 /* replay_pressed@2x.png */; };
		C2ED8E7614E8F81900123947 /* replay@2x.png in Resources */ = {isa = PBXBuildFile; fileRef = C2ED8E4714E8F81900123947 /* replay@2x.png */; };
		C2ED8E7714E8F81900123947 /* setting_pressed@2x.png in Resources */ = {isa = PBXBuildFile; fileRef = C2ED8E4814E8F81900123947 /* setting_pressed@2x.png */; };
		C2ED8E7814E8F81900123947 /* setting@2x.png in Resources */ = {isa = PBXBuildFile; fileRef = C2ED8E4914E8F81900123947 /* setting@2x.png */; };
		C2ED8E7914E8F81900123947 /* setting2_pressed@2x.png in Resources */ = {isa = PBXBuildFile; fileRef = C2ED8E4A14E8F81900123947 /* setting2_pressed@2x.png */; };
		C2ED8E7A14E8F81900123947 /* setting2@2x.png in Resources */ = {isa = PBXBuildFile; fileRef = C2ED8E4B14E8F81900123947 /* setting2@2x.png */; };
		C2ED8E7B14E8F81900123947 /* star@2x.png in Resources */ = {isa = PBXBuildFile; fileRef = C2ED8E4C14E8F81900123947 /* star@2x.png */; };
		C2ED8E7C14E8F81900123947 /* start_pressed@2x.png in Resources */ = {isa = PBXBuildFile; fileRef = C2ED8E4D14E8F81900123947 /* start_pressed@2x.png */; };
		C2ED8E7D14E8F81900123947 /* start@2x.png in Resources */ = {isa = PBXBuildFile; fileRef = C2ED8E4E14E8F81900123947 /* start@2x.png */; };
		C2ED8E7E14E8F81900123947 /* swap_down@2x.png in Resources */ = {isa = PBXBuildFile; fileRef = C2ED8E4F14E8F81900123947 /* swap_down@2x.png */; };
		C2ED8E7F14E8F81900123947 /* swap_left@2x.png in Resources */ = {isa = PBXBuildFile; fileRef = C2ED8E5014E8F81900123947 /* swap_left@2x.png */; };
		C2ED8E8014E8F81900123947 /* swap_right@2x.png in Resources */ = {isa = PBXBuildFile; fileRef = C2ED8E5114E8F81900123947 /* swap_right@2x.png */; };
		C2ED8E8114E8F81900123947 /* swap_up@2x.png in Resources */ = {isa = PBXBuildFile; fileRef = C2ED8E5214E8F81900123947 /* swap_up@2x.png */; };
		C2ED8E8214E8F81900123947 /* switch_off@2x.png in Resources */ = {isa = PBXBuildFile; fileRef = C2ED8E5314E8F81900123947 /* switch_off@2x.png */; };
		C2ED8E8314E8F81900123947 /* switch_on@2x.png in Resources */ = {isa = PBXBuildFile; fileRef = C2ED8E5414E8F81900123947 /* switch_on@2x.png */; };
		C2ED8E8414E8F81900123947 /* tap_screen@2x.png in Resources */ = {isa = PBXBuildFile; fileRef = C2ED8E5514E8F81900123947 /* tap_screen@2x.png */; };
		C2ED8E8514E8F81900123947 /* volume_max@2x.png in Resources */ = {isa = PBXBuildFile; fileRef = C2ED8E5614E8F81900123947 /* volume_max@2x.png */; };
		C2ED8E8614E8F81900123947 /* volume_spot@2x.png in Resources */ = {isa = PBXBuildFile; fileRef = C2ED8E5714E8F81900123947 /* volume_spot@2x.png */; };
		C2ED8E8714E8F81900123947 /* volume@2x.png in Resources */ = {isa = PBXBuildFile; fileRef = C2ED8E5814E8F81900123947 /* volume@2x.png */; };
		C2ED8E8A14E912A500123947 /* HelpView.xib in Resources */ = {isa = PBXBuildFile; fileRef = C2ED8E8914E912A400123947 /* HelpView.xib */; };
		C2ED8E8C14E912C200123947 /* GameSettingView.xib in Resources */ = {isa = PBXBuildFile; fileRef = C2ED8E8B14E912C200123947 /* GameSettingView.xib */; };
		C2FA3A8714B5734000F1465E /* HighScoreManager.m in Sources */ = {isa = PBXBuildFile; fileRef = C2FA3A8614B5734000F1465E /* HighScoreManager.m */; };
		CA01829014B599F3002056D2 /* LayerUtil.m in Sources */ = {isa = PBXBuildFile; fileRef = CA01828F14B599F3002056D2 /* LayerUtil.m */; };
		CA0ED3FC14EB59FA000F6A54 /* UIButtonExt.m in Sources */ = {isa = PBXBuildFile; fileRef = CA0ED3FB14EB59FA000F6A54 /* UIButtonExt.m */; };
		CA0ED40B14EBADA9000F6A54 /* next_pressed@2x.png in Resources */ = {isa = PBXBuildFile; fileRef = CA0ED40914EBADA9000F6A54 /* next_pressed@2x.png */; };
		CA0ED40C14EBADA9000F6A54 /* next@2x.png in Resources */ = {isa = PBXBuildFile; fileRef = CA0ED40A14EBADA9000F6A54 /* next@2x.png */; };
		CA26A10C14B0894100AA761A /* TestCase.m in Sources */ = {isa = PBXBuildFile; fileRef = CA26A10B14B0894100AA761A /* TestCase.m */; };
		CA39270414EA127600B89A12 /* HGProgressBar.m in Sources */ = {isa = PBXBuildFile; fileRef = CA39270314EA127600B89A12 /* HGProgressBar.m */; };
		CA39271114EA560E00B89A12 /* levelicon1@2x.png in Resources */ = {isa = PBXBuildFile; fileRef = CA39270B14EA560C00B89A12 /* levelicon1@2x.png */; };
		CA39271214EA560E00B89A12 /* levelicon2@2x.png in Resources */ = {isa = PBXBuildFile; fileRef = CA39270C14EA560D00B89A12 /* levelicon2@2x.png */; };
		CA39271314EA560E00B89A12 /* levelicon3@2x.png in Resources */ = {isa = PBXBuildFile; fileRef = CA39270D14EA560D00B89A12 /* levelicon3@2x.png */; };
		CA39271414EA560E00B89A12 /* timebar@2x.png in Resources */ = {isa = PBXBuildFile; fileRef = CA39270E14EA560D00B89A12 /* timebar@2x.png */; };
		CA39271514EA560E00B89A12 /* top_bg@2x.png in Resources */ = {isa = PBXBuildFile; fileRef = CA39270F14EA560D00B89A12 /* top_bg@2x.png */; };
		CA39271614EA560E00B89A12 /* wood_block@2x.png in Resources */ = {isa = PBXBuildFile; fileRef = CA39271014EA560D00B89A12 /* wood_block@2x.png */; };
		CA3F2C4814B2A1260090A758 /* EntryController.m in Sources */ = {isa = PBXBuildFile; fileRef = CA3F2C4614B2A1260090A758 /* EntryController.m */; };
		CA3F2C4914B2A1260090A758 /* EntryController.xib in Resources */ = {isa = PBXBuildFile; fileRef = CA3F2C4714B2A1260090A758 /* EntryController.xib */; };
		CA3F2C5114B2EB550090A758 /* LevelPickerController.m in Sources */ = {isa = PBXBuildFile; fileRef = CA3F2C4F14B2EB550090A758 /* LevelPickerController.m */; };
		CA3F2C5214B2EB550090A758 /* LevelPickerController.xib in Resources */ = {isa = PBXBuildFile; fileRef = CA3F2C5014B2EB550090A758 /* LevelPickerController.xib */; };
		CA3F2C5514B2F0810090A758 /* GameLevel.m in Sources */ = {isa = PBXBuildFile; fileRef = CA3F2C5414B2F0810090A758 /* GameLevel.m */; };
		CA6C739C14AF064900E15785 /* UIKit.framework in Frameworks */ = {isa = PBXBuildFile; fileRef = CA6C739B14AF064900E15785 /* UIKit.framework */; };
		CA6C739E14AF064900E15785 /* Foundation.framework in Frameworks */ = {isa = PBXBuildFile; fileRef = CA6C739D14AF064900E15785 /* Foundation.framework */; };
		CA6C73A014AF064900E15785 /* CoreGraphics.framework in Frameworks */ = {isa = PBXBuildFile; fileRef = CA6C739F14AF064900E15785 /* CoreGraphics.framework */; };
		CA6C73A614AF064900E15785 /* InfoPlist.strings in Resources */ = {isa = PBXBuildFile; fileRef = CA6C73A414AF064900E15785 /* InfoPlist.strings */; };
		CA6C73A914AF064900E15785 /* main.m in Sources */ = {isa = PBXBuildFile; fileRef = CA6C73A814AF064900E15785 /* main.m */; };
		CA6C73AC14AF064900E15785 /* HitGameAppDelegate.m in Sources */ = {isa = PBXBuildFile; fileRef = CA6C73AB14AF064900E15785 /* HitGameAppDelegate.m */; };
		CA6C73AF14AF064900E15785 /* MainWindow.xib in Resources */ = {isa = PBXBuildFile; fileRef = CA6C73AD14AF064900E15785 /* MainWindow.xib */; };
		CA6C73BC14AF064900E15785 /* UIKit.framework in Frameworks */ = {isa = PBXBuildFile; fileRef = CA6C739B14AF064900E15785 /* UIKit.framework */; };
		CA6C73BD14AF064900E15785 /* Foundation.framework in Frameworks */ = {isa = PBXBuildFile; fileRef = CA6C739D14AF064900E15785 /* Foundation.framework */; };
		CA6C73BE14AF064900E15785 /* CoreGraphics.framework in Frameworks */ = {isa = PBXBuildFile; fileRef = CA6C739F14AF064900E15785 /* CoreGraphics.framework */; };
		CA6C73C614AF064900E15785 /* InfoPlist.strings in Resources */ = {isa = PBXBuildFile; fileRef = CA6C73C414AF064900E15785 /* InfoPlist.strings */; };
		CA6C73C914AF064900E15785 /* HitGameTests.h in Resources */ = {isa = PBXBuildFile; fileRef = CA6C73C814AF064900E15785 /* HitGameTests.h */; };
		CA6C73CB14AF064900E15785 /* HitGameTests.m in Sources */ = {isa = PBXBuildFile; fileRef = CA6C73CA14AF064900E15785 /* HitGameTests.m */; };
		CA6C740914AF068E00E15785 /* AnimationManager.m in Sources */ = {isa = PBXBuildFile; fileRef = CA6C73D714AF068E00E15785 /* AnimationManager.m */; };
		CA6C740A14AF068E00E15785 /* FoodListView.m in Sources */ = {isa = PBXBuildFile; fileRef = CA6C73DA14AF068E00E15785 /* FoodListView.m */; };
		CA6C740B14AF068E00E15785 /* FoodView.m in Sources */ = {isa = PBXBuildFile; fileRef = CA6C73DC14AF068E00E15785 /* FoodView.m */; };
		CA6C741114AF068E00E15785 /* PlayGameController.m in Sources */ = {isa = PBXBuildFile; fileRef = CA6C73E614AF068E00E15785 /* PlayGameController.m */; };
		CA6C741214AF068E00E15785 /* PlayGameController.xib in Resources */ = {isa = PBXBuildFile; fileRef = CA6C73E714AF068E00E15785 /* PlayGameController.xib */; };
		CA6C741314AF068E00E15785 /* FoodManager.m in Sources */ = {isa = PBXBuildFile; fileRef = CA6C73EA14AF068E00E15785 /* FoodManager.m */; };
		CA6C741414AF068E00E15785 /* GameManager.m in Sources */ = {isa = PBXBuildFile; fileRef = CA6C73EC14AF068E00E15785 /* GameManager.m */; };
		CA6C741514AF068E00E15785 /* Food.m in Sources */ = {isa = PBXBuildFile; fileRef = CA6C73EF14AF068E00E15785 /* Food.m */; };
		CA6C741614AF068E00E15785 /* Game.m in Sources */ = {isa = PBXBuildFile; fileRef = CA6C73F114AF068E00E15785 /* Game.m */; };
		CA6C741714AF068E00E15785 /* Player.m in Sources */ = {isa = PBXBuildFile; fileRef = CA6C73F314AF068E00E15785 /* Player.m */; };
		CA6C741A14AF068E00E15785 /* egg.png in Resources */ = {isa = PBXBuildFile; fileRef = CA6C73FD14AF068E00E15785 /* egg.png */; };
		CA6C741B14AF068E00E15785 /* hamburger.png in Resources */ = {isa = PBXBuildFile; fileRef = CA6C73FE14AF068E00E15785 /* hamburger.png */; };
		CA6C741C14AF068E00E15785 /* icecream.png in Resources */ = {isa = PBXBuildFile; fileRef = CA6C740014AF068E00E15785 /* icecream.png */; };
		CA6C742214AF068E00E15785 /* sushi.png in Resources */ = {isa = PBXBuildFile; fileRef = CA6C740614AF068E00E15785 /* sushi.png */; };
		CA6C742314AF068E00E15785 /* tomato.png in Resources */ = {isa = PBXBuildFile; fileRef = CA6C740714AF068E00E15785 /* tomato.png */; };
		CA6C742514AF06ED00E15785 /* QuartzCore.framework in Frameworks */ = {isa = PBXBuildFile; fileRef = CA6C742414AF06ED00E15785 /* QuartzCore.framework */; };
		CA9313FF14BEDDA700EB49AE /* HGQuadCurveMenu.m in Sources */ = {isa = PBXBuildFile; fileRef = CA9313F814BEDDA700EB49AE /* HGQuadCurveMenu.m */; };
		CA93140014BEDDA700EB49AE /* HGQuadCurveMenuItem.m in Sources */ = {isa = PBXBuildFile; fileRef = CA9313FA14BEDDA700EB49AE /* HGQuadCurveMenuItem.m */; };
		CA93140114BEDDA700EB49AE /* HGTableViewCell.m in Sources */ = {isa = PBXBuildFile; fileRef = CA9313FC14BEDDA700EB49AE /* HGTableViewCell.m */; };
		CA93140214BEDDA700EB49AE /* HGTableViewController.m in Sources */ = {isa = PBXBuildFile; fileRef = CA9313FE14BEDDA700EB49AE /* HGTableViewController.m */; };
		CA93140514BEDDCF00EB49AE /* GestureTraceView.m in Sources */ = {isa = PBXBuildFile; fileRef = CA93140414BEDDCF00EB49AE /* GestureTraceView.m */; };
		CAB84F2514BBE79A00DBD6A3 /* LevelManager.m in Sources */ = {isa = PBXBuildFile; fileRef = CAB84F2414BBE79A00DBD6A3 /* LevelManager.m */; };
		CAE98BFE14C13125007F986E /* unlocked.png in Resources */ = {isa = PBXBuildFile; fileRef = CAE98BFD14C13124007F986E /* unlocked.png */; };
		CAE98C0014C13131007F986E /* locked.png in Resources */ = {isa = PBXBuildFile; fileRef = CAE98BFF14C13131007F986E /* locked.png */; };
		CAE98E9014C174B3007F986E /* TKProgressBarView.m in Sources */ = {isa = PBXBuildFile; fileRef = CAE98E8F14C174B3007F986E /* TKProgressBarView.m */; };
/* End PBXBuildFile section */

/* Begin PBXContainerItemProxy section */
		CA6C73BF14AF064900E15785 /* PBXContainerItemProxy */ = {
			isa = PBXContainerItemProxy;
			containerPortal = CA6C738E14AF064800E15785 /* Project object */;
			proxyType = 1;
			remoteGlobalIDString = CA6C739614AF064800E15785;
			remoteInfo = HitGame;
		};
/* End PBXContainerItemProxy section */

/* Begin PBXFileReference section */
		C255F00014D51A7E001247C3 /* HitGameEngine.h */ = {isa = PBXFileReference; fileEncoding = 4; lastKnownFileType = sourcecode.c.h; path = HitGameEngine.h; sourceTree = "<group>"; };
		C255F00114D51A7E001247C3 /* HitGameEngine.m */ = {isa = PBXFileReference; fileEncoding = 4; lastKnownFileType = sourcecode.c.objc; path = HitGameEngine.m; sourceTree = "<group>"; };
		C255F00414D51BC4001247C3 /* ExtraGameController.h */ = {isa = PBXFileReference; fileEncoding = 4; lastKnownFileType = sourcecode.c.h; path = ExtraGameController.h; sourceTree = "<group>"; };
		C255F00514D51BC4001247C3 /* ExtraGameController.m */ = {isa = PBXFileReference; fileEncoding = 4; lastKnownFileType = sourcecode.c.objc; path = ExtraGameController.m; sourceTree = "<group>"; };
		C255F00614D51BC4001247C3 /* ExtraGameController.xib */ = {isa = PBXFileReference; fileEncoding = 4; lastKnownFileType = file.xib; path = ExtraGameController.xib; sourceTree = "<group>"; };
		C28D378A14B438430098033B /* bg-addbutton-highlighted.png */ = {isa = PBXFileReference; lastKnownFileType = image.png; path = "bg-addbutton-highlighted.png"; sourceTree = "<group>"; };
		C28D378B14B438430098033B /* bg-addbutton-highlighted@2x.png */ = {isa = PBXFileReference; lastKnownFileType = image.png; path = "bg-addbutton-highlighted@2x.png"; sourceTree = "<group>"; };
		C28D378C14B438430098033B /* bg-addbutton.png */ = {isa = PBXFileReference; lastKnownFileType = image.png; path = "bg-addbutton.png"; sourceTree = "<group>"; };
		C28D378D14B438430098033B /* bg-addbutton@2x.png */ = {isa = PBXFileReference; lastKnownFileType = image.png; path = "bg-addbutton@2x.png"; sourceTree = "<group>"; };
		C28D378E14B438430098033B /* bg-menuitem-highlighted@2x.png */ = {isa = PBXFileReference; lastKnownFileType = image.png; path = "bg-menuitem-highlighted@2x.png"; sourceTree = "<group>"; };
		C28D378F14B438430098033B /* bg-menuitem.png */ = {isa = PBXFileReference; lastKnownFileType = image.png; path = "bg-menuitem.png"; sourceTree = "<group>"; };
		C28D379014B438430098033B /* bg-menuitem@2x.png */ = {isa = PBXFileReference; lastKnownFileType = image.png; path = "bg-menuitem@2x.png"; sourceTree = "<group>"; };
		C28D379114B438430098033B /* icon-plus-highlighted.png */ = {isa = PBXFileReference; lastKnownFileType = image.png; path = "icon-plus-highlighted.png"; sourceTree = "<group>"; };
		C28D379214B438430098033B /* icon-plus-highlighted@2x.png */ = {isa = PBXFileReference; lastKnownFileType = image.png; path = "icon-plus-highlighted@2x.png"; sourceTree = "<group>"; };
		C28D379314B438430098033B /* icon-plus.png */ = {isa = PBXFileReference; lastKnownFileType = image.png; path = "icon-plus.png"; sourceTree = "<group>"; };
		C28D379414B438430098033B /* icon-plus@2x.png */ = {isa = PBXFileReference; lastKnownFileType = image.png; path = "icon-plus@2x.png"; sourceTree = "<group>"; };
		C28D379514B438430098033B /* icon-star.png */ = {isa = PBXFileReference; lastKnownFileType = image.png; path = "icon-star.png"; sourceTree = "<group>"; };
		C28D379614B438430098033B /* icon-star@2x.png */ = {isa = PBXFileReference; lastKnownFileType = image.png; path = "icon-star@2x.png"; sourceTree = "<group>"; };
		C28D37B914B4581D0098033B /* GameSettingController.h */ = {isa = PBXFileReference; fileEncoding = 4; lastKnownFileType = sourcecode.c.h; path = GameSettingController.h; sourceTree = "<group>"; };
		C28D37BA14B4581D0098033B /* GameSettingController.m */ = {isa = PBXFileReference; fileEncoding = 4; lastKnownFileType = sourcecode.c.objc; path = GameSettingController.m; sourceTree = "<group>"; };
		C28D37BB14B4581D0098033B /* GameSettingController.xib */ = {isa = PBXFileReference; fileEncoding = 4; lastKnownFileType = file.xib; path = GameSettingController.xib; sourceTree = "<group>"; };
		C2C1DA1B14D7E7D90050D4EC /* en */ = {isa = PBXFileReference; lastKnownFileType = text.plist.strings; name = en; path = en.lproj/Localizable.strings; sourceTree = "<group>"; };
		C2C1DA1D14D7E7E60050D4EC /* zh-Hans */ = {isa = PBXFileReference; lastKnownFileType = text.plist.strings; name = "zh-Hans"; path = "zh-Hans.lproj/Localizable.strings"; sourceTree = "<group>"; };
		C2C3815714BBF42E009B46EC /* HelpView.h */ = {isa = PBXFileReference; fileEncoding = 4; lastKnownFileType = sourcecode.c.h; path = HelpView.h; sourceTree = "<group>"; };
		C2C3815814BBF42E009B46EC /* HelpView.m */ = {isa = PBXFileReference; fileEncoding = 4; lastKnownFileType = sourcecode.c.objc; path = HelpView.m; sourceTree = "<group>"; };
		C2C4292D14C3C20C00950747 /* helpImg1.png */ = {isa = PBXFileReference; lastKnownFileType = image.png; path = helpImg1.png; sourceTree = "<group>"; };
		C2C4292E14C3C20C00950747 /* helpImg2.png */ = {isa = PBXFileReference; lastKnownFileType = image.png; path = helpImg2.png; sourceTree = "<group>"; };
		C2C4293614C40CA100950747 /* TimeUtils.h */ = {isa = PBXFileReference; fileEncoding = 4; lastKnownFileType = sourcecode.c.h; path = TimeUtils.h; sourceTree = "<group>"; };
		C2C4293714C40CA100950747 /* TimeUtils.m */ = {isa = PBXFileReference; fileEncoding = 4; lastKnownFileType = sourcecode.c.objc; path = TimeUtils.m; sourceTree = "<group>"; };
		C2C6404214C805E000D86D12 /* GameFinishView.h */ = {isa = PBXFileReference; fileEncoding = 4; lastKnownFileType = sourcecode.c.h; path = GameFinishView.h; sourceTree = "<group>"; };
		C2C6404314C805E000D86D12 /* GameFinishView.m */ = {isa = PBXFileReference; fileEncoding = 4; lastKnownFileType = sourcecode.c.objc; path = GameFinishView.m; sourceTree = "<group>"; };
		C2C6404614C805F800D86D12 /* GameFinishView.xib */ = {isa = PBXFileReference; fileEncoding = 4; lastKnownFileType = file.xib; path = GameFinishView.xib; sourceTree = "<group>"; };
		C2C6F0B014BD601A00AA0297 /* GameSettingManager.h */ = {isa = PBXFileReference; fileEncoding = 4; lastKnownFileType = sourcecode.c.h; path = GameSettingManager.h; sourceTree = "<group>"; };
		C2C6F0B114BD601A00AA0297 /* GameSettingManager.m */ = {isa = PBXFileReference; fileEncoding = 4; lastKnownFileType = sourcecode.c.objc; path = GameSettingManager.m; sourceTree = "<group>"; };
		C2C6F0B414BD678100AA0297 /* AudioToolbox.framework */ = {isa = PBXFileReference; lastKnownFileType = wrapper.framework; name = AudioToolbox.framework; path = System/Library/Frameworks/AudioToolbox.framework; sourceTree = SDKROOT; };
		C2C73A3E14EA152E00763311 /* progress_bar@2x.png */ = {isa = PBXFileReference; lastKnownFileType = image.png; path = "progress_bar@2x.png"; sourceTree = "<group>"; };
		C2C73A3F14EA152E00763311 /* progress@2x.png */ = {isa = PBXFileReference; lastKnownFileType = image.png; path = "progress@2x.png"; sourceTree = "<group>"; };
		C2CC0DA714C511FD00C6D095 /* beaten.wav */ = {isa = PBXFileReference; lastKnownFileType = audio.wav; path = beaten.wav; sourceTree = "<group>"; };
		C2CC0DA814C511FD00C6D095 /* sword.wav */ = {isa = PBXFileReference; lastKnownFileType = audio.wav; path = sword.wav; sourceTree = "<group>"; };
		C2CC0DBE14C5782E00C6D095 /* GameSettingView.h */ = {isa = PBXFileReference; fileEncoding = 4; lastKnownFileType = sourcecode.c.h; path = GameSettingView.h; sourceTree = "<group>"; };
		C2CC0DBF14C5782E00C6D095 /* GameSettingView.m */ = {isa = PBXFileReference; fileEncoding = 4; lastKnownFileType = sourcecode.c.objc; path = GameSettingView.m; sourceTree = "<group>"; };
		C2D36A7314BAEFA600E2A96D /* Score.h */ = {isa = PBXFileReference; fileEncoding = 4; lastKnownFileType = sourcecode.c.h; path = Score.h; sourceTree = "<group>"; };
		C2D36A7414BAEFA600E2A96D /* Score.m */ = {isa = PBXFileReference; fileEncoding = 4; lastKnownFileType = sourcecode.c.objc; path = Score.m; sourceTree = "<group>"; };
		C2DDBF5614BEB1D800CAD5E5 /* AVFoundation.framework */ = {isa = PBXFileReference; lastKnownFileType = wrapper.framework; name = AVFoundation.framework; path = System/Library/Frameworks/AVFoundation.framework; sourceTree = SDKROOT; };
		C2DDBF5B14BEB73600CAD5E5 /* AudioManager.h */ = {isa = PBXFileReference; fileEncoding = 4; lastKnownFileType = sourcecode.c.h; path = AudioManager.h; sourceTree = "<group>"; };
		C2DDBF5C14BEB73600CAD5E5 /* AudioManager.m */ = {isa = PBXFileReference; fileEncoding = 4; lastKnownFileType = sourcecode.c.objc; path = AudioManager.m; sourceTree = "<group>"; };
		C2E5E89314B83F0100852530 /* HighScoreController.h */ = {isa = PBXFileReference; fileEncoding = 4; lastKnownFileType = sourcecode.c.h; path = HighScoreController.h; sourceTree = "<group>"; };
		C2E5E89414B83F0100852530 /* HighScoreController.m */ = {isa = PBXFileReference; fileEncoding = 4; lastKnownFileType = sourcecode.c.objc; path = HighScoreController.m; sourceTree = "<group>"; };
		C2E5E89514B83F0100852530 /* HighScoreController.xib */ = {isa = PBXFileReference; fileEncoding = 4; lastKnownFileType = file.xib; path = HighScoreController.xib; sourceTree = "<group>"; };
		C2ED8E2A14E8F81900123947 /* back_pressed@2x.png */ = {isa = PBXFileReference; lastKnownFileType = image.png; path = "back_pressed@2x.png"; sourceTree = "<group>"; };
		C2ED8E2B14E8F81900123947 /* back@2x.png */ = {isa = PBXFileReference; lastKnownFileType = image.png; path = "back@2x.png"; sourceTree = "<group>"; };
		C2ED8E2C14E8F81900123947 /* background1@2x.png */ = {isa = PBXFileReference; lastKnownFileType = image.png; path = "background1@2x.png"; sourceTree = "<group>"; };
		C2ED8E2D14E8F81900123947 /* background2@2x.png */ = {isa = PBXFileReference; lastKnownFileType = image.png; path = "background2@2x.png"; sourceTree = "<group>"; };
		C2ED8E2E14E8F81900123947 /* board@2x.png */ = {isa = PBXFileReference; lastKnownFileType = image.png; path = "board@2x.png"; sourceTree = "<group>"; };
		C2ED8E2F14E8F81900123947 /* click_pressed@2x.png */ = {isa = PBXFileReference; lastKnownFileType = image.png; path = "click_pressed@2x.png"; sourceTree = "<group>"; };
		C2ED8E3014E8F81900123947 /* click@2x.png */ = {isa = PBXFileReference; lastKnownFileType = image.png; path = "click@2x.png"; sourceTree = "<group>"; };
		C2ED8E3114E8F81900123947 /* continue_pressed@2x.png */ = {isa = PBXFileReference; lastKnownFileType = image.png; path = "continue_pressed@2x.png"; sourceTree = "<group>"; };
		C2ED8E3214E8F81900123947 /* continue_selection_pressed@2x.png */ = {isa = PBXFileReference; lastKnownFileType = image.png; path = "continue_selection_pressed@2x.png"; sourceTree = "<group>"; };
		C2ED8E3314E8F81900123947 /* continue_selection@2x.png */ = {isa = PBXFileReference; lastKnownFileType = image.png; path = "continue_selection@2x.png"; sourceTree = "<group>"; };
		C2ED8E3414E8F81900123947 /* continue@2x.png */ = {isa = PBXFileReference; lastKnownFileType = image.png; path = "continue@2x.png"; sourceTree = "<group>"; };
		C2ED8E3514E8F81900123947 /* settingDefault_pressed@2x.png */ = {isa = PBXFileReference; lastKnownFileType = image.png; path = "settingDefault_pressed@2x.png"; sourceTree = "<group>"; };
		C2ED8E3614E8F81900123947 /* settingDefault@2x.png */ = {isa = PBXFileReference; lastKnownFileType = image.png; path = "settingDefault@2x.png"; sourceTree = "<group>"; };
		C2ED8E3714E8F81900123947 /* filter_pressed@2x.png */ = {isa = PBXFileReference; lastKnownFileType = image.png; path = "filter_pressed@2x.png"; sourceTree = "<group>"; };
		C2ED8E3814E8F81900123947 /* filter@2x.png */ = {isa = PBXFileReference; lastKnownFileType = image.png; path = "filter@2x.png"; sourceTree = "<group>"; };
		C2ED8E3914E8F81900123947 /* help_pressed@2x.png */ = {isa = PBXFileReference; lastKnownFileType = image.png; path = "help_pressed@2x.png"; sourceTree = "<group>"; };
		C2ED8E3A14E8F81900123947 /* help@2x.png */ = {isa = PBXFileReference; lastKnownFileType = image.png; path = "help@2x.png"; sourceTree = "<group>"; };
		C2ED8E3B14E8F81900123947 /* highscore_pressed@2x.png */ = {isa = PBXFileReference; lastKnownFileType = image.png; path = "highscore_pressed@2x.png"; sourceTree = "<group>"; };
		C2ED8E3C14E8F81900123947 /* highscore@2x.png */ = {isa = PBXFileReference; lastKnownFileType = image.png; path = "highscore@2x.png"; sourceTree = "<group>"; };
		C2ED8E3D14E8F81900123947 /* level_pressed@2x.png */ = {isa = PBXFileReference; lastKnownFileType = image.png; path = "level_pressed@2x.png"; sourceTree = "<group>"; };
		C2ED8E3E14E8F81900123947 /* level@2x.png */ = {isa = PBXFileReference; lastKnownFileType = image.png; path = "level@2x.png"; sourceTree = "<group>"; };
		C2ED8E3F14E8F81900123947 /* locked_level_pressed@2x.png */ = {isa = PBXFileReference; lastKnownFileType = image.png; path = "locked_level_pressed@2x.png"; sourceTree = "<group>"; };
		C2ED8E4014E8F81900123947 /* locked_level@2x.png */ = {isa = PBXFileReference; lastKnownFileType = image.png; path = "locked_level@2x.png"; sourceTree = "<group>"; };
		C2ED8E4114E8F81900123947 /* mask@2x.png */ = {isa = PBXFileReference; lastKnownFileType = image.png; path = "mask@2x.png"; sourceTree = "<group>"; };
		C2ED8E4214E8F81900123947 /* menu_pressed@2x.png */ = {isa = PBXFileReference; lastKnownFileType = image.png; path = "menu_pressed@2x.png"; sourceTree = "<group>"; };
		C2ED8E4314E8F81900123947 /* menu@2x.png */ = {isa = PBXFileReference; lastKnownFileType = image.png; path = "menu@2x.png"; sourceTree = "<group>"; };
		C2ED8E4414E8F81900123947 /* paper@2x.png */ = {isa = PBXFileReference; lastKnownFileType = image.png; path = "paper@2x.png"; sourceTree = "<group>"; };
		C2ED8E4514E8F81900123947 /* paper2@2x.png */ = {isa = PBXFileReference; lastKnownFileType = image.png; path = "paper2@2x.png"; sourceTree = "<group>"; };
		C2ED8E4614E8F81900123947 /* replay_pressed@2x.png */ = {isa = PBXFileReference; lastKnownFileType = image.png; path = "replay_pressed@2x.png"; sourceTree = "<group>"; };
		C2ED8E4714E8F81900123947 /* replay@2x.png */ = {isa = PBXFileReference; lastKnownFileType = image.png; path = "replay@2x.png"; sourceTree = "<group>"; };
		C2ED8E4814E8F81900123947 /* setting_pressed@2x.png */ = {isa = PBXFileReference; lastKnownFileType = image.png; path = "setting_pressed@2x.png"; sourceTree = "<group>"; };
		C2ED8E4914E8F81900123947 /* setting@2x.png */ = {isa = PBXFileReference; lastKnownFileType = image.png; path = "setting@2x.png"; sourceTree = "<group>"; };
		C2ED8E4A14E8F81900123947 /* setting2_pressed@2x.png */ = {isa = PBXFileReference; lastKnownFileType = image.png; path = "setting2_pressed@2x.png"; sourceTree = "<group>"; };
		C2ED8E4B14E8F81900123947 /* setting2@2x.png */ = {isa = PBXFileReference; lastKnownFileType = image.png; path = "setting2@2x.png"; sourceTree = "<group>"; };
		C2ED8E4C14E8F81900123947 /* star@2x.png */ = {isa = PBXFileReference; lastKnownFileType = image.png; path = "star@2x.png"; sourceTree = "<group>"; };
		C2ED8E4D14E8F81900123947 /* start_pressed@2x.png */ = {isa = PBXFileReference; lastKnownFileType = image.png; path = "start_pressed@2x.png"; sourceTree = "<group>"; };
		C2ED8E4E14E8F81900123947 /* start@2x.png */ = {isa = PBXFileReference; lastKnownFileType = image.png; path = "start@2x.png"; sourceTree = "<group>"; };
		C2ED8E4F14E8F81900123947 /* swap_down@2x.png */ = {isa = PBXFileReference; lastKnownFileType = image.png; path = "swap_down@2x.png"; sourceTree = "<group>"; };
		C2ED8E5014E8F81900123947 /* swap_left@2x.png */ = {isa = PBXFileReference; lastKnownFileType = image.png; path = "swap_left@2x.png"; sourceTree = "<group>"; };
		C2ED8E5114E8F81900123947 /* swap_right@2x.png */ = {isa = PBXFileReference; lastKnownFileType = image.png; path = "swap_right@2x.png"; sourceTree = "<group>"; };
		C2ED8E5214E8F81900123947 /* swap_up@2x.png */ = {isa = PBXFileReference; lastKnownFileType = image.png; path = "swap_up@2x.png"; sourceTree = "<group>"; };
		C2ED8E5314E8F81900123947 /* switch_off@2x.png */ = {isa = PBXFileReference; lastKnownFileType = image.png; path = "switch_off@2x.png"; sourceTree = "<group>"; };
		C2ED8E5414E8F81900123947 /* switch_on@2x.png */ = {isa = PBXFileReference; lastKnownFileType = image.png; path = "switch_on@2x.png"; sourceTree = "<group>"; };
		C2ED8E5514E8F81900123947 /* tap_screen@2x.png */ = {isa = PBXFileReference; lastKnownFileType = image.png; path = "tap_screen@2x.png"; sourceTree = "<group>"; };
		C2ED8E5614E8F81900123947 /* volume_max@2x.png */ = {isa = PBXFileReference; lastKnownFileType = image.png; path = "volume_max@2x.png"; sourceTree = "<group>"; };
		C2ED8E5714E8F81900123947 /* volume_spot@2x.png */ = {isa = PBXFileReference; lastKnownFileType = image.png; path = "volume_spot@2x.png"; sourceTree = "<group>"; };
		C2ED8E5814E8F81900123947 /* volume@2x.png */ = {isa = PBXFileReference; lastKnownFileType = image.png; path = "volume@2x.png"; sourceTree = "<group>"; };
		C2ED8E8914E912A400123947 /* HelpView.xib */ = {isa = PBXFileReference; fileEncoding = 4; lastKnownFileType = file.xib; path = HelpView.xib; sourceTree = "<group>"; };
		C2ED8E8B14E912C200123947 /* GameSettingView.xib */ = {isa = PBXFileReference; fileEncoding = 4; lastKnownFileType = file.xib; path = GameSettingView.xib; sourceTree = "<group>"; };
		C2FA3A8514B5734000F1465E /* HighScoreManager.h */ = {isa = PBXFileReference; fileEncoding = 4; lastKnownFileType = sourcecode.c.h; path = HighScoreManager.h; sourceTree = "<group>"; };
		C2FA3A8614B5734000F1465E /* HighScoreManager.m */ = {isa = PBXFileReference; fileEncoding = 4; lastKnownFileType = sourcecode.c.objc; path = HighScoreManager.m; sourceTree = "<group>"; };
		CA01828E14B599F3002056D2 /* LayerUtil.h */ = {isa = PBXFileReference; fileEncoding = 4; lastKnownFileType = sourcecode.c.h; path = LayerUtil.h; sourceTree = "<group>"; };
		CA01828F14B599F3002056D2 /* LayerUtil.m */ = {isa = PBXFileReference; fileEncoding = 4; lastKnownFileType = sourcecode.c.objc; path = LayerUtil.m; sourceTree = "<group>"; };
		CA0ED3FA14EB59FA000F6A54 /* UIButtonExt.h */ = {isa = PBXFileReference; fileEncoding = 4; lastKnownFileType = sourcecode.c.h; name = UIButtonExt.h; path = ../../Common_Iphone/View/UIButtonExt.h; sourceTree = "<group>"; };
		CA0ED3FB14EB59FA000F6A54 /* UIButtonExt.m */ = {isa = PBXFileReference; fileEncoding = 4; lastKnownFileType = sourcecode.c.objc; name = UIButtonExt.m; path = ../../Common_Iphone/View/UIButtonExt.m; sourceTree = "<group>"; };
		CA0ED40914EBADA9000F6A54 /* next_pressed@2x.png */ = {isa = PBXFileReference; lastKnownFileType = image.png; path = "next_pressed@2x.png"; sourceTree = "<group>"; };
		CA0ED40A14EBADA9000F6A54 /* next@2x.png */ = {isa = PBXFileReference; lastKnownFileType = image.png; path = "next@2x.png"; sourceTree = "<group>"; };
		CA26A10B14B0894100AA761A /* TestCase.m */ = {isa = PBXFileReference; fileEncoding = 4; lastKnownFileType = sourcecode.c.objc; path = TestCase.m; sourceTree = "<group>"; };
		CA39270214EA127600B89A12 /* HGProgressBar.h */ = {isa = PBXFileReference; fileEncoding = 4; lastKnownFileType = sourcecode.c.h; path = HGProgressBar.h; sourceTree = "<group>"; };
		CA39270314EA127600B89A12 /* HGProgressBar.m */ = {isa = PBXFileReference; fileEncoding = 4; lastKnownFileType = sourcecode.c.objc; path = HGProgressBar.m; sourceTree = "<group>"; };
		CA39270B14EA560C00B89A12 /* levelicon1@2x.png */ = {isa = PBXFileReference; lastKnownFileType = image.png; path = "levelicon1@2x.png"; sourceTree = "<group>"; };
		CA39270C14EA560D00B89A12 /* levelicon2@2x.png */ = {isa = PBXFileReference; lastKnownFileType = image.png; path = "levelicon2@2x.png"; sourceTree = "<group>"; };
		CA39270D14EA560D00B89A12 /* levelicon3@2x.png */ = {isa = PBXFileReference; lastKnownFileType = image.png; path = "levelicon3@2x.png"; sourceTree = "<group>"; };
		CA39270E14EA560D00B89A12 /* timebar@2x.png */ = {isa = PBXFileReference; lastKnownFileType = image.png; path = "timebar@2x.png"; sourceTree = "<group>"; };
		CA39270F14EA560D00B89A12 /* top_bg@2x.png */ = {isa = PBXFileReference; lastKnownFileType = image.png; path = "top_bg@2x.png"; sourceTree = "<group>"; };
		CA39271014EA560D00B89A12 /* wood_block@2x.png */ = {isa = PBXFileReference; lastKnownFileType = image.png; path = "wood_block@2x.png"; sourceTree = "<group>"; };
		CA3F2C4514B2A1260090A758 /* EntryController.h */ = {isa = PBXFileReference; fileEncoding = 4; lastKnownFileType = sourcecode.c.h; path = EntryController.h; sourceTree = "<group>"; };
		CA3F2C4614B2A1260090A758 /* EntryController.m */ = {isa = PBXFileReference; fileEncoding = 4; lastKnownFileType = sourcecode.c.objc; path = EntryController.m; sourceTree = "<group>"; };
		CA3F2C4714B2A1260090A758 /* EntryController.xib */ = {isa = PBXFileReference; fileEncoding = 4; lastKnownFileType = file.xib; path = EntryController.xib; sourceTree = "<group>"; };
		CA3F2C4E14B2EB540090A758 /* LevelPickerController.h */ = {isa = PBXFileReference; fileEncoding = 4; lastKnownFileType = sourcecode.c.h; path = LevelPickerController.h; sourceTree = "<group>"; };
		CA3F2C4F14B2EB550090A758 /* LevelPickerController.m */ = {isa = PBXFileReference; fileEncoding = 4; lastKnownFileType = sourcecode.c.objc; path = LevelPickerController.m; sourceTree = "<group>"; };
		CA3F2C5014B2EB550090A758 /* LevelPickerController.xib */ = {isa = PBXFileReference; fileEncoding = 4; lastKnownFileType = file.xib; path = LevelPickerController.xib; sourceTree = "<group>"; };
		CA3F2C5314B2F0810090A758 /* GameLevel.h */ = {isa = PBXFileReference; fileEncoding = 4; lastKnownFileType = sourcecode.c.h; path = GameLevel.h; sourceTree = "<group>"; };
		CA3F2C5414B2F0810090A758 /* GameLevel.m */ = {isa = PBXFileReference; fileEncoding = 4; lastKnownFileType = sourcecode.c.objc; path = GameLevel.m; sourceTree = "<group>"; };
		CA6C739714AF064800E15785 /* HitGame.app */ = {isa = PBXFileReference; explicitFileType = wrapper.application; includeInIndex = 0; path = HitGame.app; sourceTree = BUILT_PRODUCTS_DIR; };
		CA6C739B14AF064900E15785 /* UIKit.framework */ = {isa = PBXFileReference; lastKnownFileType = wrapper.framework; name = UIKit.framework; path = System/Library/Frameworks/UIKit.framework; sourceTree = SDKROOT; };
		CA6C739D14AF064900E15785 /* Foundation.framework */ = {isa = PBXFileReference; lastKnownFileType = wrapper.framework; name = Foundation.framework; path = System/Library/Frameworks/Foundation.framework; sourceTree = SDKROOT; };
		CA6C739F14AF064900E15785 /* CoreGraphics.framework */ = {isa = PBXFileReference; lastKnownFileType = wrapper.framework; name = CoreGraphics.framework; path = System/Library/Frameworks/CoreGraphics.framework; sourceTree = SDKROOT; };
		CA6C73A314AF064900E15785 /* HitGame-Info.plist */ = {isa = PBXFileReference; lastKnownFileType = text.plist.xml; path = "HitGame-Info.plist"; sourceTree = "<group>"; };
		CA6C73A514AF064900E15785 /* en */ = {isa = PBXFileReference; lastKnownFileType = text.plist.strings; name = en; path = en.lproj/InfoPlist.strings; sourceTree = "<group>"; };
		CA6C73A714AF064900E15785 /* HitGame-Prefix.pch */ = {isa = PBXFileReference; lastKnownFileType = sourcecode.c.h; path = "HitGame-Prefix.pch"; sourceTree = "<group>"; };
		CA6C73A814AF064900E15785 /* main.m */ = {isa = PBXFileReference; lastKnownFileType = sourcecode.c.objc; path = main.m; sourceTree = "<group>"; };
		CA6C73AA14AF064900E15785 /* HitGameAppDelegate.h */ = {isa = PBXFileReference; lastKnownFileType = sourcecode.c.h; path = HitGameAppDelegate.h; sourceTree = "<group>"; };
		CA6C73AB14AF064900E15785 /* HitGameAppDelegate.m */ = {isa = PBXFileReference; lastKnownFileType = sourcecode.c.objc; path = HitGameAppDelegate.m; sourceTree = "<group>"; };
		CA6C73AE14AF064900E15785 /* en */ = {isa = PBXFileReference; lastKnownFileType = file.xib; name = en; path = en.lproj/MainWindow.xib; sourceTree = "<group>"; };
		CA6C73BB14AF064900E15785 /* HitGameTests.octest */ = {isa = PBXFileReference; explicitFileType = wrapper.cfbundle; includeInIndex = 0; path = HitGameTests.octest; sourceTree = BUILT_PRODUCTS_DIR; };
		CA6C73C314AF064900E15785 /* HitGameTests-Info.plist */ = {isa = PBXFileReference; lastKnownFileType = text.plist.xml; path = "HitGameTests-Info.plist"; sourceTree = "<group>"; };
		CA6C73C514AF064900E15785 /* en */ = {isa = PBXFileReference; lastKnownFileType = text.plist.strings; name = en; path = en.lproj/InfoPlist.strings; sourceTree = "<group>"; };
		CA6C73C714AF064900E15785 /* HitGameTests-Prefix.pch */ = {isa = PBXFileReference; lastKnownFileType = sourcecode.c.h; path = "HitGameTests-Prefix.pch"; sourceTree = "<group>"; };
		CA6C73C814AF064900E15785 /* HitGameTests.h */ = {isa = PBXFileReference; lastKnownFileType = sourcecode.c.h; path = HitGameTests.h; sourceTree = "<group>"; };
		CA6C73CA14AF064900E15785 /* HitGameTests.m */ = {isa = PBXFileReference; lastKnownFileType = sourcecode.c.objc; path = HitGameTests.m; sourceTree = "<group>"; };
		CA6C73D614AF068E00E15785 /* AnimationManager.h */ = {isa = PBXFileReference; fileEncoding = 4; lastKnownFileType = sourcecode.c.h; path = AnimationManager.h; sourceTree = "<group>"; };
		CA6C73D714AF068E00E15785 /* AnimationManager.m */ = {isa = PBXFileReference; fileEncoding = 4; lastKnownFileType = sourcecode.c.objc; path = AnimationManager.m; sourceTree = "<group>"; };
		CA6C73D914AF068E00E15785 /* FoodListView.h */ = {isa = PBXFileReference; fileEncoding = 4; lastKnownFileType = sourcecode.c.h; path = FoodListView.h; sourceTree = "<group>"; };
		CA6C73DA14AF068E00E15785 /* FoodListView.m */ = {isa = PBXFileReference; fileEncoding = 4; lastKnownFileType = sourcecode.c.objc; path = FoodListView.m; sourceTree = "<group>"; };
		CA6C73DB14AF068E00E15785 /* FoodView.h */ = {isa = PBXFileReference; fileEncoding = 4; lastKnownFileType = sourcecode.c.h; path = FoodView.h; sourceTree = "<group>"; };
		CA6C73DC14AF068E00E15785 /* FoodView.m */ = {isa = PBXFileReference; fileEncoding = 4; lastKnownFileType = sourcecode.c.objc; path = FoodView.m; sourceTree = "<group>"; };
		CA6C73E514AF068E00E15785 /* PlayGameController.h */ = {isa = PBXFileReference; fileEncoding = 4; lastKnownFileType = sourcecode.c.h; path = PlayGameController.h; sourceTree = "<group>"; };
		CA6C73E614AF068E00E15785 /* PlayGameController.m */ = {isa = PBXFileReference; fileEncoding = 4; lastKnownFileType = sourcecode.c.objc; path = PlayGameController.m; sourceTree = "<group>"; };
		CA6C73E714AF068E00E15785 /* PlayGameController.xib */ = {isa = PBXFileReference; fileEncoding = 4; lastKnownFileType = file.xib; path = PlayGameController.xib; sourceTree = "<group>"; };
		CA6C73E914AF068E00E15785 /* FoodManager.h */ = {isa = PBXFileReference; fileEncoding = 4; lastKnownFileType = sourcecode.c.h; path = FoodManager.h; sourceTree = "<group>"; };
		CA6C73EA14AF068E00E15785 /* FoodManager.m */ = {isa = PBXFileReference; fileEncoding = 4; lastKnownFileType = sourcecode.c.objc; path = FoodManager.m; sourceTree = "<group>"; };
		CA6C73EB14AF068E00E15785 /* GameManager.h */ = {isa = PBXFileReference; fileEncoding = 4; lastKnownFileType = sourcecode.c.h; path = GameManager.h; sourceTree = "<group>"; };
		CA6C73EC14AF068E00E15785 /* GameManager.m */ = {isa = PBXFileReference; fileEncoding = 4; lastKnownFileType = sourcecode.c.objc; path = GameManager.m; sourceTree = "<group>"; };
		CA6C73EE14AF068E00E15785 /* Food.h */ = {isa = PBXFileReference; fileEncoding = 4; lastKnownFileType = sourcecode.c.h; path = Food.h; sourceTree = "<group>"; };
		CA6C73EF14AF068E00E15785 /* Food.m */ = {isa = PBXFileReference; fileEncoding = 4; lastKnownFileType = sourcecode.c.objc; path = Food.m; sourceTree = "<group>"; };
		CA6C73F014AF068E00E15785 /* Game.h */ = {isa = PBXFileReference; fileEncoding = 4; lastKnownFileType = sourcecode.c.h; path = Game.h; sourceTree = "<group>"; };
		CA6C73F114AF068E00E15785 /* Game.m */ = {isa = PBXFileReference; fileEncoding = 4; lastKnownFileType = sourcecode.c.objc; path = Game.m; sourceTree = "<group>"; };
		CA6C73F214AF068E00E15785 /* Player.h */ = {isa = PBXFileReference; fileEncoding = 4; lastKnownFileType = sourcecode.c.h; path = Player.h; sourceTree = "<group>"; };
		CA6C73F314AF068E00E15785 /* Player.m */ = {isa = PBXFileReference; fileEncoding = 4; lastKnownFileType = sourcecode.c.objc; path = Player.m; sourceTree = "<group>"; };
		CA6C73F714AF068E00E15785 /* Enum.h */ = {isa = PBXFileReference; fileEncoding = 4; lastKnownFileType = sourcecode.c.h; path = Enum.h; sourceTree = "<group>"; };
		CA6C73FD14AF068E00E15785 /* egg.png */ = {isa = PBXFileReference; lastKnownFileType = image.png; path = egg.png; sourceTree = "<group>"; };
		CA6C73FE14AF068E00E15785 /* hamburger.png */ = {isa = PBXFileReference; lastKnownFileType = image.png; path = hamburger.png; sourceTree = "<group>"; };
		CA6C73FF14AF068E00E15785 /* HGResource.h */ = {isa = PBXFileReference; fileEncoding = 4; lastKnownFileType = sourcecode.c.h; path = HGResource.h; sourceTree = "<group>"; };
		CA6C740014AF068E00E15785 /* icecream.png */ = {isa = PBXFileReference; lastKnownFileType = image.png; path = icecream.png; sourceTree = "<group>"; };
		CA6C740614AF068E00E15785 /* sushi.png */ = {isa = PBXFileReference; lastKnownFileType = image.png; path = sushi.png; sourceTree = "<group>"; };
		CA6C740714AF068E00E15785 /* tomato.png */ = {isa = PBXFileReference; lastKnownFileType = image.png; path = tomato.png; sourceTree = "<group>"; };
		CA6C740814AF068E00E15785 /* TestCase.h */ = {isa = PBXFileReference; fileEncoding = 4; lastKnownFileType = sourcecode.c.h; path = TestCase.h; sourceTree = "<group>"; };
		CA6C742414AF06ED00E15785 /* QuartzCore.framework */ = {isa = PBXFileReference; lastKnownFileType = wrapper.framework; name = QuartzCore.framework; path = System/Library/Frameworks/QuartzCore.framework; sourceTree = SDKROOT; };
		CA9313F714BEDDA700EB49AE /* HGQuadCurveMenu.h */ = {isa = PBXFileReference; fileEncoding = 4; lastKnownFileType = sourcecode.c.h; path = HGQuadCurveMenu.h; sourceTree = "<group>"; };
		CA9313F814BEDDA700EB49AE /* HGQuadCurveMenu.m */ = {isa = PBXFileReference; fileEncoding = 4; lastKnownFileType = sourcecode.c.objc; path = HGQuadCurveMenu.m; sourceTree = "<group>"; };
		CA9313F914BEDDA700EB49AE /* HGQuadCurveMenuItem.h */ = {isa = PBXFileReference; fileEncoding = 4; lastKnownFileType = sourcecode.c.h; path = HGQuadCurveMenuItem.h; sourceTree = "<group>"; };
		CA9313FA14BEDDA700EB49AE /* HGQuadCurveMenuItem.m */ = {isa = PBXFileReference; fileEncoding = 4; lastKnownFileType = sourcecode.c.objc; path = HGQuadCurveMenuItem.m; sourceTree = "<group>"; };
		CA9313FB14BEDDA700EB49AE /* HGTableViewCell.h */ = {isa = PBXFileReference; fileEncoding = 4; lastKnownFileType = sourcecode.c.h; path = HGTableViewCell.h; sourceTree = "<group>"; };
		CA9313FC14BEDDA700EB49AE /* HGTableViewCell.m */ = {isa = PBXFileReference; fileEncoding = 4; lastKnownFileType = sourcecode.c.objc; path = HGTableViewCell.m; sourceTree = "<group>"; };
		CA9313FD14BEDDA700EB49AE /* HGTableViewController.h */ = {isa = PBXFileReference; fileEncoding = 4; lastKnownFileType = sourcecode.c.h; path = HGTableViewController.h; sourceTree = "<group>"; };
		CA9313FE14BEDDA700EB49AE /* HGTableViewController.m */ = {isa = PBXFileReference; fileEncoding = 4; lastKnownFileType = sourcecode.c.objc; path = HGTableViewController.m; sourceTree = "<group>"; };
		CA93140314BEDDCF00EB49AE /* GestureTraceView.h */ = {isa = PBXFileReference; fileEncoding = 4; lastKnownFileType = sourcecode.c.h; path = GestureTraceView.h; sourceTree = "<group>"; };
		CA93140414BEDDCF00EB49AE /* GestureTraceView.m */ = {isa = PBXFileReference; fileEncoding = 4; lastKnownFileType = sourcecode.c.objc; path = GestureTraceView.m; sourceTree = "<group>"; };
		CAB84F2314BBE79A00DBD6A3 /* LevelManager.h */ = {isa = PBXFileReference; fileEncoding = 4; lastKnownFileType = sourcecode.c.h; path = LevelManager.h; sourceTree = "<group>"; };
		CAB84F2414BBE79A00DBD6A3 /* LevelManager.m */ = {isa = PBXFileReference; fileEncoding = 4; lastKnownFileType = sourcecode.c.objc; path = LevelManager.m; sourceTree = "<group>"; };
		CAE98BFC14C12612007F986E /* Style.h */ = {isa = PBXFileReference; fileEncoding = 4; lastKnownFileType = sourcecode.c.h; path = Style.h; sourceTree = "<group>"; };
		CAE98BFD14C13124007F986E /* unlocked.png */ = {isa = PBXFileReference; lastKnownFileType = image.png; path = unlocked.png; sourceTree = "<group>"; };
		CAE98BFF14C13131007F986E /* locked.png */ = {isa = PBXFileReference; lastKnownFileType = image.png; path = locked.png; sourceTree = "<group>"; };
		CAE98E8E14C174B3007F986E /* TKProgressBarView.h */ = {isa = PBXFileReference; fileEncoding = 4; lastKnownFileType = sourcecode.c.h; path = TKProgressBarView.h; sourceTree = "<group>"; };
		CAE98E8F14C174B3007F986E /* TKProgressBarView.m */ = {isa = PBXFileReference; fileEncoding = 4; lastKnownFileType = sourcecode.c.objc; path = TKProgressBarView.m; sourceTree = "<group>"; };
/* End PBXFileReference section */

/* Begin PBXFrameworksBuildPhase section */
		CA6C739414AF064800E15785 /* Frameworks */ = {
			isa = PBXFrameworksBuildPhase;
			buildActionMask = 2147483647;
			files = (
				C2DDBF5714BEB1D800CAD5E5 /* AVFoundation.framework in Frameworks */,
				C2C6F0B514BD678100AA0297 /* AudioToolbox.framework in Frameworks */,
				CA6C742514AF06ED00E15785 /* QuartzCore.framework in Frameworks */,
				CA6C739C14AF064900E15785 /* UIKit.framework in Frameworks */,
				CA6C739E14AF064900E15785 /* Foundation.framework in Frameworks */,
				CA6C73A014AF064900E15785 /* CoreGraphics.framework in Frameworks */,
			);
			runOnlyForDeploymentPostprocessing = 0;
		};
		CA6C73B714AF064900E15785 /* Frameworks */ = {
			isa = PBXFrameworksBuildPhase;
			buildActionMask = 2147483647;
			files = (
				CA6C73BC14AF064900E15785 /* UIKit.framework in Frameworks */,
				CA6C73BD14AF064900E15785 /* Foundation.framework in Frameworks */,
				CA6C73BE14AF064900E15785 /* CoreGraphics.framework in Frameworks */,
			);
			runOnlyForDeploymentPostprocessing = 0;
		};
/* End PBXFrameworksBuildPhase section */

/* Begin PBXGroup section */
		C28D378914B438430098033B /* QuardCurveMenuImages */ = {
			isa = PBXGroup;
			children = (
				C28D378A14B438430098033B /* bg-addbutton-highlighted.png */,
				C28D378B14B438430098033B /* bg-addbutton-highlighted@2x.png */,
				C28D378C14B438430098033B /* bg-addbutton.png */,
				C28D378D14B438430098033B /* bg-addbutton@2x.png */,
				C28D378E14B438430098033B /* bg-menuitem-highlighted@2x.png */,
				C28D378F14B438430098033B /* bg-menuitem.png */,
				C28D379014B438430098033B /* bg-menuitem@2x.png */,
				C28D379114B438430098033B /* icon-plus-highlighted.png */,
				C28D379214B438430098033B /* icon-plus-highlighted@2x.png */,
				C28D379314B438430098033B /* icon-plus.png */,
				C28D379414B438430098033B /* icon-plus@2x.png */,
				C28D379514B438430098033B /* icon-star.png */,
				C28D379614B438430098033B /* icon-star@2x.png */,
			);
			path = QuardCurveMenuImages;
			sourceTree = "<group>";
		};
		C2DDBF6A14BEE10800CAD5E5 /* sounds */ = {
			isa = PBXGroup;
			children = (
				C2CC0DA714C511FD00C6D095 /* beaten.wav */,
				C2CC0DA814C511FD00C6D095 /* sword.wav */,
			);
			name = sounds;
			sourceTree = "<group>";
		};
		CA01828D14B599F3002056D2 /* Util */ = {
			isa = PBXGroup;
			children = (
				C2C4293614C40CA100950747 /* TimeUtils.h */,
				C2C4293714C40CA100950747 /* TimeUtils.m */,
				CA01828E14B599F3002056D2 /* LayerUtil.h */,
				CA01828F14B599F3002056D2 /* LayerUtil.m */,
			);
			path = Util;
			sourceTree = "<group>";
		};
		CA0ED3F814EB59A6000F6A54 /* Common_Iphone */ = {
			isa = PBXGroup;
			children = (
				CA0ED3F914EB59B0000F6A54 /* View */,
			);
			name = Common_Iphone;
			sourceTree = "<group>";
		};
		CA0ED3F914EB59B0000F6A54 /* View */ = {
			isa = PBXGroup;
			children = (
				CA0ED3FA14EB59FA000F6A54 /* UIButtonExt.h */,
				CA0ED3FB14EB59FA000F6A54 /* UIButtonExt.m */,
			);
			name = View;
			sourceTree = "<group>";
		};
		CA6C738C14AF064800E15785 = {
			isa = PBXGroup;
			children = (
				CA6C73A114AF064900E15785 /* HitGame */,
				CA6C73C114AF064900E15785 /* HitGameTests */,
				CA6C739A14AF064900E15785 /* Frameworks */,
				CA6C739814AF064800E15785 /* Products */,
			);
			sourceTree = "<group>";
		};
		CA6C739814AF064800E15785 /* Products */ = {
			isa = PBXGroup;
			children = (
				CA6C739714AF064800E15785 /* HitGame.app */,
				CA6C73BB14AF064900E15785 /* HitGameTests.octest */,
			);
			name = Products;
			sourceTree = "<group>";
		};
		CA6C739A14AF064900E15785 /* Frameworks */ = {
			isa = PBXGroup;
			children = (
				C2DDBF5614BEB1D800CAD5E5 /* AVFoundation.framework */,
				CA6C742414AF06ED00E15785 /* QuartzCore.framework */,
				C2C6F0B414BD678100AA0297 /* AudioToolbox.framework */,
				CA6C739B14AF064900E15785 /* UIKit.framework */,
				CA6C739D14AF064900E15785 /* Foundation.framework */,
				CA6C739F14AF064900E15785 /* CoreGraphics.framework */,
			);
			name = Frameworks;
			sourceTree = "<group>";
		};
		CA6C73A114AF064900E15785 /* HitGame */ = {
			isa = PBXGroup;
			children = (
				CA0ED3F814EB59A6000F6A54 /* Common_Iphone */,
				CA6C73D414AF068E00E15785 /* HitGame */,
				CA6C73F614AF068E00E15785 /* HitGame_Common */,
				CA6C73FC14AF068E00E15785 /* Resource */,
				CA6C740814AF068E00E15785 /* TestCase.h */,
				CA26A10B14B0894100AA761A /* TestCase.m */,
				CA6C73AA14AF064900E15785 /* HitGameAppDelegate.h */,
				CA6C73AB14AF064900E15785 /* HitGameAppDelegate.m */,
				CA6C73AD14AF064900E15785 /* MainWindow.xib */,
				CA6C73A214AF064900E15785 /* Supporting Files */,
			);
			path = HitGame;
			sourceTree = "<group>";
		};
		CA6C73A214AF064900E15785 /* Supporting Files */ = {
			isa = PBXGroup;
			children = (
				CA6C73A314AF064900E15785 /* HitGame-Info.plist */,
				C2C1DA1C14D7E7D90050D4EC /* Localizable.strings */,
				CA6C73A414AF064900E15785 /* InfoPlist.strings */,
				CA6C73A714AF064900E15785 /* HitGame-Prefix.pch */,
				CA6C73A814AF064900E15785 /* main.m */,
			);
			name = "Supporting Files";
			sourceTree = "<group>";
		};
		CA6C73C114AF064900E15785 /* HitGameTests */ = {
			isa = PBXGroup;
			children = (
				CA6C73C814AF064900E15785 /* HitGameTests.h */,
				CA6C73CA14AF064900E15785 /* HitGameTests.m */,
				CA6C73C214AF064900E15785 /* Supporting Files */,
			);
			path = HitGameTests;
			sourceTree = "<group>";
		};
		CA6C73C214AF064900E15785 /* Supporting Files */ = {
			isa = PBXGroup;
			children = (
				CA6C73C314AF064900E15785 /* HitGameTests-Info.plist */,
				CA6C73C414AF064900E15785 /* InfoPlist.strings */,
				CA6C73C714AF064900E15785 /* HitGameTests-Prefix.pch */,
			);
			name = "Supporting Files";
			sourceTree = "<group>";
		};
		CA6C73D414AF068E00E15785 /* HitGame */ = {
			isa = PBXGroup;
			children = (
				CA6C73D514AF068E00E15785 /* Animation */,
				CA6C73D814AF068E00E15785 /* Controller */,
				CA6C73E814AF068E00E15785 /* Manager */,
				CA6C73ED14AF068E00E15785 /* Model */,
				CA6C73F414AF068E00E15785 /* Network */,
				CA6C73F514AF068E00E15785 /* Service */,
			);
			path = HitGame;
			sourceTree = "<group>";
		};
		CA6C73D514AF068E00E15785 /* Animation */ = {
			isa = PBXGroup;
			children = (
				CA6C73D614AF068E00E15785 /* AnimationManager.h */,
				CA6C73D714AF068E00E15785 /* AnimationManager.m */,
			);
			path = Animation;
			sourceTree = "<group>";
		};
		CA6C73D814AF068E00E15785 /* Controller */ = {
			isa = PBXGroup;
			children = (
				CA6C73D914AF068E00E15785 /* FoodListView.h */,
				CA6C73DA14AF068E00E15785 /* FoodListView.m */,
				CA6C73DB14AF068E00E15785 /* FoodView.h */,
				CA6C73DC14AF068E00E15785 /* FoodView.m */,
				CA6C73E514AF068E00E15785 /* PlayGameController.h */,
				CA6C73E614AF068E00E15785 /* PlayGameController.m */,
				CA6C73E714AF068E00E15785 /* PlayGameController.xib */,
				CA3F2C4514B2A1260090A758 /* EntryController.h */,
				CA3F2C4614B2A1260090A758 /* EntryController.m */,
				CA3F2C4714B2A1260090A758 /* EntryController.xib */,
				CA3F2C4E14B2EB540090A758 /* LevelPickerController.h */,
				CA3F2C4F14B2EB550090A758 /* LevelPickerController.m */,
				CA3F2C5014B2EB550090A758 /* LevelPickerController.xib */,
				C28D37B914B4581D0098033B /* GameSettingController.h */,
				C28D37BA14B4581D0098033B /* GameSettingController.m */,
				C28D37BB14B4581D0098033B /* GameSettingController.xib */,
				C2E5E89314B83F0100852530 /* HighScoreController.h */,
				C2E5E89414B83F0100852530 /* HighScoreController.m */,
				C2E5E89514B83F0100852530 /* HighScoreController.xib */,
				C2C3815714BBF42E009B46EC /* HelpView.h */,
				C2C3815814BBF42E009B46EC /* HelpView.m */,
				C2ED8E8914E912A400123947 /* HelpView.xib */,
				C2CC0DBE14C5782E00C6D095 /* GameSettingView.h */,
				C2CC0DBF14C5782E00C6D095 /* GameSettingView.m */,
				C2ED8E8B14E912C200123947 /* GameSettingView.xib */,
				C2C6404214C805E000D86D12 /* GameFinishView.h */,
				C2C6404314C805E000D86D12 /* GameFinishView.m */,
				C2C6404614C805F800D86D12 /* GameFinishView.xib */,
				C255F00014D51A7E001247C3 /* HitGameEngine.h */,
				C255F00114D51A7E001247C3 /* HitGameEngine.m */,
				C255F00414D51BC4001247C3 /* ExtraGameController.h */,
				C255F00514D51BC4001247C3 /* ExtraGameController.m */,
				C255F00614D51BC4001247C3 /* ExtraGameController.xib */,
			);
			path = Controller;
			sourceTree = "<group>";
		};
		CA6C73E814AF068E00E15785 /* Manager */ = {
			isa = PBXGroup;
			children = (
				CA6C73E914AF068E00E15785 /* FoodManager.h */,
				CA6C73EA14AF068E00E15785 /* FoodManager.m */,
				CA6C73EB14AF068E00E15785 /* GameManager.h */,
				CA6C73EC14AF068E00E15785 /* GameManager.m */,
				C2FA3A8514B5734000F1465E /* HighScoreManager.h */,
				C2FA3A8614B5734000F1465E /* HighScoreManager.m */,
				CAB84F2314BBE79A00DBD6A3 /* LevelManager.h */,
				CAB84F2414BBE79A00DBD6A3 /* LevelManager.m */,
				C2C6F0B014BD601A00AA0297 /* GameSettingManager.h */,
				C2C6F0B114BD601A00AA0297 /* GameSettingManager.m */,
				C2DDBF5B14BEB73600CAD5E5 /* AudioManager.h */,
				C2DDBF5C14BEB73600CAD5E5 /* AudioManager.m */,
			);
			path = Manager;
			sourceTree = "<group>";
		};
		CA6C73ED14AF068E00E15785 /* Model */ = {
			isa = PBXGroup;
			children = (
				CA6C73EE14AF068E00E15785 /* Food.h */,
				CA6C73EF14AF068E00E15785 /* Food.m */,
				CA6C73F014AF068E00E15785 /* Game.h */,
				CA6C73F114AF068E00E15785 /* Game.m */,
				CA6C73F214AF068E00E15785 /* Player.h */,
				CA6C73F314AF068E00E15785 /* Player.m */,
				CA3F2C5314B2F0810090A758 /* GameLevel.h */,
				CA3F2C5414B2F0810090A758 /* GameLevel.m */,
				C2D36A7314BAEFA600E2A96D /* Score.h */,
				C2D36A7414BAEFA600E2A96D /* Score.m */,
				CA39270214EA127600B89A12 /* HGProgressBar.h */,
				CA39270314EA127600B89A12 /* HGProgressBar.m */,
			);
			path = Model;
			sourceTree = "<group>";
		};
		CA6C73F414AF068E00E15785 /* Network */ = {
			isa = PBXGroup;
			children = (
			);
			path = Network;
			sourceTree = "<group>";
		};
		CA6C73F514AF068E00E15785 /* Service */ = {
			isa = PBXGroup;
			children = (
			);
			path = Service;
			sourceTree = "<group>";
		};
		CA6C73F614AF068E00E15785 /* HitGame_Common */ = {
			isa = PBXGroup;
			children = (
				CA9313F614BEDDA700EB49AE /* View */,
				CA01828D14B599F3002056D2 /* Util */,
				CA6C73F714AF068E00E15785 /* Enum.h */,
				CAE98BFC14C12612007F986E /* Style.h */,
			);
			path = HitGame_Common;
			sourceTree = "<group>";
		};
		CA6C73FC14AF068E00E15785 /* Resource */ = {
			isa = PBXGroup;
			children = (
				CA0ED40914EBADA9000F6A54 /* next_pressed@2x.png */,
				CA0ED40A14EBADA9000F6A54 /* next@2x.png */,
				CA39270B14EA560C00B89A12 /* levelicon1@2x.png */,
				CA39270C14EA560D00B89A12 /* levelicon2@2x.png */,
				CA39270D14EA560D00B89A12 /* levelicon3@2x.png */,
				CA39270E14EA560D00B89A12 /* timebar@2x.png */,
				CA39270F14EA560D00B89A12 /* top_bg@2x.png */,
				CA39271014EA560D00B89A12 /* wood_block@2x.png */,
				C2C73A3E14EA152E00763311 /* progress_bar@2x.png */,
				C2C73A3F14EA152E00763311 /* progress@2x.png */,
				C2ED8E2A14E8F81900123947 /* back_pressed@2x.png */,
				C2ED8E2B14E8F81900123947 /* back@2x.png */,
				C2ED8E2C14E8F81900123947 /* background1@2x.png */,
				C2ED8E2D14E8F81900123947 /* background2@2x.png */,
				C2ED8E2E14E8F81900123947 /* board@2x.png */,
				C2ED8E2F14E8F81900123947 /* click_pressed@2x.png */,
				C2ED8E3014E8F81900123947 /* click@2x.png */,
				C2ED8E3114E8F81900123947 /* continue_pressed@2x.png */,
				C2ED8E3214E8F81900123947 /* continue_selection_pressed@2x.png */,
				C2ED8E3314E8F81900123947 /* continue_selection@2x.png */,
				C2ED8E3414E8F81900123947 /* continue@2x.png */,
				C2ED8E3514E8F81900123947 /* settingDefault_pressed@2x.png */,
				C2ED8E3614E8F81900123947 /* settingDefault@2x.png */,
				C2ED8E3714E8F81900123947 /* filter_pressed@2x.png */,
				C2ED8E3814E8F81900123947 /* filter@2x.png */,
				C2ED8E3914E8F81900123947 /* help_pressed@2x.png */,
				C2ED8E3A14E8F81900123947 /* help@2x.png */,
				C2ED8E3B14E8F81900123947 /* highscore_pressed@2x.png */,
				C2ED8E3C14E8F81900123947 /* highscore@2x.png */,
				C2ED8E3D14E8F81900123947 /* level_pressed@2x.png */,
				C2ED8E3E14E8F81900123947 /* level@2x.png */,
				C2ED8E3F14E8F81900123947 /* locked_level_pressed@2x.png */,
				C2ED8E4014E8F81900123947 /* locked_level@2x.png */,
				C2ED8E4114E8F81900123947 /* mask@2x.png */,
				C2ED8E4214E8F81900123947 /* menu_pressed@2x.png */,
				C2ED8E4314E8F81900123947 /* menu@2x.png */,
				C2ED8E4414E8F81900123947 /* paper@2x.png */,
				C2ED8E4514E8F81900123947 /* paper2@2x.png */,
				C2ED8E4614E8F81900123947 /* replay_pressed@2x.png */,
				C2ED8E4714E8F81900123947 /* replay@2x.png */,
				C2ED8E4814E8F81900123947 /* setting_pressed@2x.png */,
				C2ED8E4914E8F81900123947 /* setting@2x.png */,
				C2ED8E4A14E8F81900123947 /* setting2_pressed@2x.png */,
				C2ED8E4B14E8F81900123947 /* setting2@2x.png */,
				C2ED8E4C14E8F81900123947 /* star@2x.png */,
				C2ED8E4D14E8F81900123947 /* start_pressed@2x.png */,
				C2ED8E4E14E8F81900123947 /* start@2x.png */,
				C2ED8E4F14E8F81900123947 /* swap_down@2x.png */,
				C2ED8E5014E8F81900123947 /* swap_left@2x.png */,
				C2ED8E5114E8F81900123947 /* swap_right@2x.png */,
				C2ED8E5214E8F81900123947 /* swap_up@2x.png */,
				C2ED8E5314E8F81900123947 /* switch_off@2x.png */,
				C2ED8E5414E8F81900123947 /* switch_on@2x.png */,
				C2ED8E5514E8F81900123947 /* tap_screen@2x.png */,
				C2ED8E5614E8F81900123947 /* volume_max@2x.png */,
				C2ED8E5714E8F81900123947 /* volume_spot@2x.png */,
				C2ED8E5814E8F81900123947 /* volume@2x.png */,
				C2C4292D14C3C20C00950747 /* helpImg1.png */,
				C2C4292E14C3C20C00950747 /* helpImg2.png */,
				C2DDBF6A14BEE10800CAD5E5 /* sounds */,
				C28D378914B438430098033B /* QuardCurveMenuImages */,
				CA6C73FD14AF068E00E15785 /* egg.png */,
				CA6C73FE14AF068E00E15785 /* hamburger.png */,
				CA6C740014AF068E00E15785 /* icecream.png */,
				CA6C740614AF068E00E15785 /* sushi.png */,
				CA6C740714AF068E00E15785 /* tomato.png */,
				CAE98BFD14C13124007F986E /* unlocked.png */,
				CAE98BFF14C13131007F986E /* locked.png */,
				CA6C73FF14AF068E00E15785 /* HGResource.h */,
			);
			path = Resource;
			sourceTree = "<group>";
		};
		CA9313F614BEDDA700EB49AE /* View */ = {
			isa = PBXGroup;
			children = (
				CAE98E8E14C174B3007F986E /* TKProgressBarView.h */,
				CAE98E8F14C174B3007F986E /* TKProgressBarView.m */,
				CA9313F714BEDDA700EB49AE /* HGQuadCurveMenu.h */,
				CA9313F814BEDDA700EB49AE /* HGQuadCurveMenu.m */,
				CA9313F914BEDDA700EB49AE /* HGQuadCurveMenuItem.h */,
				CA9313FA14BEDDA700EB49AE /* HGQuadCurveMenuItem.m */,
				CA9313FB14BEDDA700EB49AE /* HGTableViewCell.h */,
				CA9313FC14BEDDA700EB49AE /* HGTableViewCell.m */,
				CA9313FD14BEDDA700EB49AE /* HGTableViewController.h */,
				CA9313FE14BEDDA700EB49AE /* HGTableViewController.m */,
				CA93140314BEDDCF00EB49AE /* GestureTraceView.h */,
				CA93140414BEDDCF00EB49AE /* GestureTraceView.m */,
			);
			path = View;
			sourceTree = "<group>";
		};
/* End PBXGroup section */

/* Begin PBXNativeTarget section */
		CA6C739614AF064800E15785 /* HitGame */ = {
			isa = PBXNativeTarget;
			buildConfigurationList = CA6C73CE14AF064900E15785 /* Build configuration list for PBXNativeTarget "HitGame" */;
			buildPhases = (
				CA6C739314AF064800E15785 /* Sources */,
				CA6C739414AF064800E15785 /* Frameworks */,
				CA6C739514AF064800E15785 /* Resources */,
			);
			buildRules = (
			);
			dependencies = (
			);
			name = HitGame;
			productName = HitGame;
			productReference = CA6C739714AF064800E15785 /* HitGame.app */;
			productType = "com.apple.product-type.application";
		};
		CA6C73BA14AF064900E15785 /* HitGameTests */ = {
			isa = PBXNativeTarget;
			buildConfigurationList = CA6C73D114AF064900E15785 /* Build configuration list for PBXNativeTarget "HitGameTests" */;
			buildPhases = (
				CA6C73B614AF064900E15785 /* Sources */,
				CA6C73B714AF064900E15785 /* Frameworks */,
				CA6C73B814AF064900E15785 /* Resources */,
				CA6C73B914AF064900E15785 /* ShellScript */,
			);
			buildRules = (
			);
			dependencies = (
				CA6C73C014AF064900E15785 /* PBXTargetDependency */,
			);
			name = HitGameTests;
			productName = HitGameTests;
			productReference = CA6C73BB14AF064900E15785 /* HitGameTests.octest */;
			productType = "com.apple.product-type.bundle";
		};
/* End PBXNativeTarget section */

/* Begin PBXProject section */
		CA6C738E14AF064800E15785 /* Project object */ = {
			isa = PBXProject;
			buildConfigurationList = CA6C739114AF064800E15785 /* Build configuration list for PBXProject "HitGame" */;
			compatibilityVersion = "Xcode 3.2";
			developmentRegion = English;
			hasScannedForEncodings = 0;
			knownRegions = (
				en,
				"zh-Hans",
			);
			mainGroup = CA6C738C14AF064800E15785;
			productRefGroup = CA6C739814AF064800E15785 /* Products */;
			projectDirPath = "";
			projectRoot = "";
			targets = (
				CA6C739614AF064800E15785 /* HitGame */,
				CA6C73BA14AF064900E15785 /* HitGameTests */,
			);
		};
/* End PBXProject section */

/* Begin PBXResourcesBuildPhase section */
		CA6C739514AF064800E15785 /* Resources */ = {
			isa = PBXResourcesBuildPhase;
			buildActionMask = 2147483647;
			files = (
				CA6C73A614AF064900E15785 /* InfoPlist.strings in Resources */,
				CA6C73AF14AF064900E15785 /* MainWindow.xib in Resources */,
				CA6C741214AF068E00E15785 /* PlayGameController.xib in Resources */,
				CA6C741A14AF068E00E15785 /* egg.png in Resources */,
				CA6C741B14AF068E00E15785 /* hamburger.png in Resources */,
				CA6C741C14AF068E00E15785 /* icecream.png in Resources */,
				CA6C742214AF068E00E15785 /* sushi.png in Resources */,
				CA6C742314AF068E00E15785 /* tomato.png in Resources */,
				CA3F2C4914B2A1260090A758 /* EntryController.xib in Resources */,
				CA3F2C5214B2EB550090A758 /* LevelPickerController.xib in Resources */,
				C28D379714B438430098033B /* bg-addbutton-highlighted.png in Resources */,
				C28D379814B438430098033B /* bg-addbutton-highlighted@2x.png in Resources */,
				C28D379914B438430098033B /* bg-addbutton.png in Resources */,
				C28D379A14B438430098033B /* bg-addbutton@2x.png in Resources */,
				C28D379B14B438430098033B /* bg-menuitem-highlighted@2x.png in Resources */,
				C28D379C14B438430098033B /* bg-menuitem.png in Resources */,
				C28D379D14B438430098033B /* bg-menuitem@2x.png in Resources */,
				C28D379E14B438430098033B /* icon-plus-highlighted.png in Resources */,
				C28D379F14B438430098033B /* icon-plus-highlighted@2x.png in Resources */,
				C28D37A014B438430098033B /* icon-plus.png in Resources */,
				C28D37A114B438430098033B /* icon-plus@2x.png in Resources */,
				C28D37A214B438430098033B /* icon-star.png in Resources */,
				C28D37A314B438430098033B /* icon-star@2x.png in Resources */,
				C28D37BD14B4581D0098033B /* GameSettingController.xib in Resources */,
				C2E5E89714B83F0100852530 /* HighScoreController.xib in Resources */,
				CAE98BFE14C13125007F986E /* unlocked.png in Resources */,
				CAE98C0014C13131007F986E /* locked.png in Resources */,
				C2C4292F14C3C20C00950747 /* helpImg1.png in Resources */,
				C2C4293014C3C20C00950747 /* helpImg2.png in Resources */,
				C2CC0DA914C511FD00C6D095 /* beaten.wav in Resources */,
				C2CC0DAA14C511FD00C6D095 /* sword.wav in Resources */,
				C2C6404714C805F800D86D12 /* GameFinishView.xib in Resources */,
				C255F00814D51BC5001247C3 /* ExtraGameController.xib in Resources */,
				C2C1DA1A14D7E7D90050D4EC /* Localizable.strings in Resources */,
				C2ED8E5914E8F81900123947 /* back_pressed@2x.png in Resources */,
				C2ED8E5A14E8F81900123947 /* back@2x.png in Resources */,
				C2ED8E5B14E8F81900123947 /* background1@2x.png in Resources */,
				C2ED8E5C14E8F81900123947 /* background2@2x.png in Resources */,
				C2ED8E5D14E8F81900123947 /* board@2x.png in Resources */,
				C2ED8E5E14E8F81900123947 /* click_pressed@2x.png in Resources */,
				C2ED8E5F14E8F81900123947 /* click@2x.png in Resources */,
				C2ED8E6014E8F81900123947 /* continue_pressed@2x.png in Resources */,
				C2ED8E6114E8F81900123947 /* continue_selection_pressed@2x.png in Resources */,
				C2ED8E6214E8F81900123947 /* continue_selection@2x.png in Resources */,
				C2ED8E6314E8F81900123947 /* continue@2x.png in Resources */,
				C2ED8E6414E8F81900123947 /* settingDefault_pressed@2x.png in Resources */,
				C2ED8E6514E8F81900123947 /* settingDefault@2x.png in Resources */,
				C2ED8E6614E8F81900123947 /* filter_pressed@2x.png in Resources */,
				C2ED8E6714E8F81900123947 /* filter@2x.png in Resources */,
				C2ED8E6814E8F81900123947 /* help_pressed@2x.png in Resources */,
				C2ED8E6914E8F81900123947 /* help@2x.png in Resources */,
				C2ED8E6A14E8F81900123947 /* highscore_pressed@2x.png in Resources */,
				C2ED8E6B14E8F81900123947 /* highscore@2x.png in Resources */,
				C2ED8E6C14E8F81900123947 /* level_pressed@2x.png in Resources */,
				C2ED8E6D14E8F81900123947 /* level@2x.png in Resources */,
				C2ED8E6E14E8F81900123947 /* locked_level_pressed@2x.png in Resources */,
				C2ED8E6F14E8F81900123947 /* locked_level@2x.png in Resources */,
				C2ED8E7014E8F81900123947 /* mask@2x.png in Resources */,
				C2ED8E7114E8F81900123947 /* menu_pressed@2x.png in Resources */,
				C2ED8E7214E8F81900123947 /* menu@2x.png in Resources */,
				C2ED8E7314E8F81900123947 /* paper@2x.png in Resources */,
				C2ED8E7414E8F81900123947 /* paper2@2x.png in Resources */,
				C2ED8E7514E8F81900123947 /* replay_pressed@2x.png in Resources */,
				C2ED8E7614E8F81900123947 /* replay@2x.png in Resources */,
				C2ED8E7714E8F81900123947 /* setting_pressed@2x.png in Resources */,
				C2ED8E7814E8F81900123947 /* setting@2x.png in Resources */,
				C2ED8E7914E8F81900123947 /* setting2_pressed@2x.png in Resources */,
				C2ED8E7A14E8F81900123947 /* setting2@2x.png in Resources */,
				C2ED8E7B14E8F81900123947 /* star@2x.png in Resources */,
				C2ED8E7C14E8F81900123947 /* start_pressed@2x.png in Resources */,
				C2ED8E7D14E8F81900123947 /* start@2x.png in Resources */,
				C2ED8E7E14E8F81900123947 /* swap_down@2x.png in Resources */,
				C2ED8E7F14E8F81900123947 /* swap_left@2x.png in Resources */,
				C2ED8E8014E8F81900123947 /* swap_right@2x.png in Resources */,
				C2ED8E8114E8F81900123947 /* swap_up@2x.png in Resources */,
				C2ED8E8214E8F81900123947 /* switch_off@2x.png in Resources */,
				C2ED8E8314E8F81900123947 /* switch_on@2x.png in Resources */,
				C2ED8E8414E8F81900123947 /* tap_screen@2x.png in Resources */,
				C2ED8E8514E8F81900123947 /* volume_max@2x.png in Resources */,
				C2ED8E8614E8F81900123947 /* volume_spot@2x.png in Resources */,
				C2ED8E8714E8F81900123947 /* volume@2x.png in Resources */,
				C2ED8E8A14E912A500123947 /* HelpView.xib in Resources */,
				C2ED8E8C14E912C200123947 /* GameSettingView.xib in Resources */,
				C2C73A4014EA152E00763311 /* progress_bar@2x.png in Resources */,
				C2C73A4114EA152E00763311 /* progress@2x.png in Resources */,
				CA39271114EA560E00B89A12 /* levelicon1@2x.png in Resources */,
				CA39271214EA560E00B89A12 /* levelicon2@2x.png in Resources */,
				CA39271314EA560E00B89A12 /* levelicon3@2x.png in Resources */,
				CA39271414EA560E00B89A12 /* timebar@2x.png in Resources */,
				CA39271514EA560E00B89A12 /* top_bg@2x.png in Resources */,
				CA39271614EA560E00B89A12 /* wood_block@2x.png in Resources */,
				CA0ED40B14EBADA9000F6A54 /* next_pressed@2x.png in Resources */,
				CA0ED40C14EBADA9000F6A54 /* next@2x.png in Resources */,
			);
			runOnlyForDeploymentPostprocessing = 0;
		};
		CA6C73B814AF064900E15785 /* Resources */ = {
			isa = PBXResourcesBuildPhase;
			buildActionMask = 2147483647;
			files = (
				CA6C73C614AF064900E15785 /* InfoPlist.strings in Resources */,
				CA6C73C914AF064900E15785 /* HitGameTests.h in Resources */,
			);
			runOnlyForDeploymentPostprocessing = 0;
		};
/* End PBXResourcesBuildPhase section */

/* Begin PBXShellScriptBuildPhase section */
		CA6C73B914AF064900E15785 /* ShellScript */ = {
			isa = PBXShellScriptBuildPhase;
			buildActionMask = 2147483647;
			files = (
			);
			inputPaths = (
			);
			outputPaths = (
			);
			runOnlyForDeploymentPostprocessing = 0;
			shellPath = /bin/sh;
			shellScript = "# Run the unit tests in this test bundle.\n\"${SYSTEM_DEVELOPER_DIR}/Tools/RunUnitTests\"\n";
		};
/* End PBXShellScriptBuildPhase section */

/* Begin PBXSourcesBuildPhase section */
		CA6C739314AF064800E15785 /* Sources */ = {
			isa = PBXSourcesBuildPhase;
			buildActionMask = 2147483647;
			files = (
				CA6C73A914AF064900E15785 /* main.m in Sources */,
				CA6C73AC14AF064900E15785 /* HitGameAppDelegate.m in Sources */,
				CA6C740914AF068E00E15785 /* AnimationManager.m in Sources */,
				CA6C740A14AF068E00E15785 /* FoodListView.m in Sources */,
				CA6C740B14AF068E00E15785 /* FoodView.m in Sources */,
				CA6C741114AF068E00E15785 /* PlayGameController.m in Sources */,
				CA6C741314AF068E00E15785 /* FoodManager.m in Sources */,
				CA6C741414AF068E00E15785 /* GameManager.m in Sources */,
				CA6C741514AF068E00E15785 /* Food.m in Sources */,
				CA6C741614AF068E00E15785 /* Game.m in Sources */,
				CA6C741714AF068E00E15785 /* Player.m in Sources */,
				CA26A10C14B0894100AA761A /* TestCase.m in Sources */,
				CA3F2C4814B2A1260090A758 /* EntryController.m in Sources */,
				CA3F2C5114B2EB550090A758 /* LevelPickerController.m in Sources */,
				CA3F2C5514B2F0810090A758 /* GameLevel.m in Sources */,
				C28D37BC14B4581D0098033B /* GameSettingController.m in Sources */,
				C2FA3A8714B5734000F1465E /* HighScoreManager.m in Sources */,
				CA01829014B599F3002056D2 /* LayerUtil.m in Sources */,
				C2E5E89614B83F0100852530 /* HighScoreController.m in Sources */,
				C2D36A7514BAEFA600E2A96D /* Score.m in Sources */,
				CAB84F2514BBE79A00DBD6A3 /* LevelManager.m in Sources */,
				C2C3815914BBF42E009B46EC /* HelpView.m in Sources */,
				C2C6F0B214BD601A00AA0297 /* GameSettingManager.m in Sources */,
				C2DDBF5D14BEB73600CAD5E5 /* AudioManager.m in Sources */,
				CA9313FF14BEDDA700EB49AE /* HGQuadCurveMenu.m in Sources */,
				CA93140014BEDDA700EB49AE /* HGQuadCurveMenuItem.m in Sources */,
				CA93140114BEDDA700EB49AE /* HGTableViewCell.m in Sources */,
				CA93140214BEDDA700EB49AE /* HGTableViewController.m in Sources */,
				CA93140514BEDDCF00EB49AE /* GestureTraceView.m in Sources */,
				CAE98E9014C174B3007F986E /* TKProgressBarView.m in Sources */,
				C2C4293814C40CA100950747 /* TimeUtils.m in Sources */,
				C2CC0DC014C5782E00C6D095 /* GameSettingView.m in Sources */,
				C2C6404414C805E000D86D12 /* GameFinishView.m in Sources */,
				C255F00214D51A7E001247C3 /* HitGameEngine.m in Sources */,
				C255F00714D51BC5001247C3 /* ExtraGameController.m in Sources */,
				CA39270414EA127600B89A12 /* HGProgressBar.m in Sources */,
				CA0ED3FC14EB59FA000F6A54 /* UIButtonExt.m in Sources */,
			);
			runOnlyForDeploymentPostprocessing = 0;
		};
		CA6C73B614AF064900E15785 /* Sources */ = {
			isa = PBXSourcesBuildPhase;
			buildActionMask = 2147483647;
			files = (
				CA6C73CB14AF064900E15785 /* HitGameTests.m in Sources */,
			);
			runOnlyForDeploymentPostprocessing = 0;
		};
/* End PBXSourcesBuildPhase section */

/* Begin PBXTargetDependency section */
		CA6C73C014AF064900E15785 /* PBXTargetDependency */ = {
			isa = PBXTargetDependency;
			target = CA6C739614AF064800E15785 /* HitGame */;
			targetProxy = CA6C73BF14AF064900E15785 /* PBXContainerItemProxy */;
		};
/* End PBXTargetDependency section */

/* Begin PBXVariantGroup section */
		C2C1DA1C14D7E7D90050D4EC /* Localizable.strings */ = {
			isa = PBXVariantGroup;
			children = (
				C2C1DA1B14D7E7D90050D4EC /* en */,
				C2C1DA1D14D7E7E60050D4EC /* zh-Hans */,
			);
			name = Localizable.strings;
			path = HitGame/Controller;
			sourceTree = "<group>";
		};
		CA6C73A414AF064900E15785 /* InfoPlist.strings */ = {
			isa = PBXVariantGroup;
			children = (
				CA6C73A514AF064900E15785 /* en */,
			);
			name = InfoPlist.strings;
			sourceTree = "<group>";
		};
		CA6C73AD14AF064900E15785 /* MainWindow.xib */ = {
			isa = PBXVariantGroup;
			children = (
				CA6C73AE14AF064900E15785 /* en */,
			);
			name = MainWindow.xib;
			sourceTree = "<group>";
		};
		CA6C73C414AF064900E15785 /* InfoPlist.strings */ = {
			isa = PBXVariantGroup;
			children = (
				CA6C73C514AF064900E15785 /* en */,
			);
			name = InfoPlist.strings;
			sourceTree = "<group>";
		};
/* End PBXVariantGroup section */

/* Begin XCBuildConfiguration section */
		CA6C73CC14AF064900E15785 /* Debug */ = {
			isa = XCBuildConfiguration;
			buildSettings = {
				ARCHS = "$(ARCHS_STANDARD_32_BIT)";
				"CODE_SIGN_IDENTITY[sdk=iphoneos*]" = "iPhone Developer";
				GCC_C_LANGUAGE_STANDARD = gnu99;
				GCC_OPTIMIZATION_LEVEL = 0;
				GCC_PREPROCESSOR_DEFINITIONS = DEBUG;
				GCC_SYMBOLS_PRIVATE_EXTERN = NO;
				GCC_VERSION = com.apple.compilers.llvmgcc42;
				GCC_WARN_ABOUT_RETURN_TYPE = YES;
				GCC_WARN_UNUSED_VARIABLE = YES;
				IPHONEOS_DEPLOYMENT_TARGET = 4.3;
				SDKROOT = iphoneos;
			};
			name = Debug;
		};
		CA6C73CD14AF064900E15785 /* Release */ = {
			isa = XCBuildConfiguration;
			buildSettings = {
				ARCHS = "$(ARCHS_STANDARD_32_BIT)";
				"CODE_SIGN_IDENTITY[sdk=iphoneos*]" = "iPhone Developer";
				GCC_C_LANGUAGE_STANDARD = gnu99;
				GCC_VERSION = com.apple.compilers.llvmgcc42;
				GCC_WARN_ABOUT_RETURN_TYPE = YES;
				GCC_WARN_UNUSED_VARIABLE = YES;
				IPHONEOS_DEPLOYMENT_TARGET = 4.3;
				OTHER_CFLAGS = "-DNS_BLOCK_ASSERTIONS=1";
				SDKROOT = iphoneos;
			};
			name = Release;
		};
		CA6C73CF14AF064900E15785 /* Debug */ = {
			isa = XCBuildConfiguration;
			buildSettings = {
				ALWAYS_SEARCH_USER_PATHS = NO;
				COPY_PHASE_STRIP = NO;
				GCC_DYNAMIC_NO_PIC = NO;
				GCC_PRECOMPILE_PREFIX_HEADER = YES;
				GCC_PREFIX_HEADER = "HitGame/HitGame-Prefix.pch";
				INFOPLIST_FILE = "HitGame/HitGame-Info.plist";
				LIBRARY_SEARCH_PATHS = (
					"$(inherited)",
					"\"$(SRCROOT)/../tapkulibrary/src/build/Debug-iphonesimulator\"",
				);
				PRODUCT_NAME = "$(TARGET_NAME)";
				WRAPPER_EXTENSION = app;
			};
			name = Debug;
		};
		CA6C73D014AF064900E15785 /* Release */ = {
			isa = XCBuildConfiguration;
			buildSettings = {
				ALWAYS_SEARCH_USER_PATHS = NO;
				COPY_PHASE_STRIP = YES;
				GCC_PRECOMPILE_PREFIX_HEADER = YES;
				GCC_PREFIX_HEADER = "HitGame/HitGame-Prefix.pch";
				INFOPLIST_FILE = "HitGame/HitGame-Info.plist";
				LIBRARY_SEARCH_PATHS = (
					"$(inherited)",
					"\"$(SRCROOT)/../tapkulibrary/src/build/Debug-iphonesimulator\"",
				);
				PRODUCT_NAME = "$(TARGET_NAME)";
				VALIDATE_PRODUCT = YES;
				WRAPPER_EXTENSION = app;
			};
			name = Release;
		};
		CA6C73D214AF064900E15785 /* Debug */ = {
			isa = XCBuildConfiguration;
			buildSettings = {
				ALWAYS_SEARCH_USER_PATHS = NO;
				BUNDLE_LOADER = "$(BUILT_PRODUCTS_DIR)/HitGame.app/HitGame";
				FRAMEWORK_SEARCH_PATHS = (
					"$(SDKROOT)/Developer/Library/Frameworks",
					"$(DEVELOPER_LIBRARY_DIR)/Frameworks",
				);
				GCC_PRECOMPILE_PREFIX_HEADER = YES;
				GCC_PREFIX_HEADER = "HitGameTests/HitGameTests-Prefix.pch";
				INFOPLIST_FILE = "HitGameTests/HitGameTests-Info.plist";
				OTHER_LDFLAGS = (
					"-framework",
					SenTestingKit,
				);
				PRODUCT_NAME = "$(TARGET_NAME)";
				TEST_HOST = "$(BUNDLE_LOADER)";
				WRAPPER_EXTENSION = octest;
			};
			name = Debug;
		};
		CA6C73D314AF064900E15785 /* Release */ = {
			isa = XCBuildConfiguration;
			buildSettings = {
				ALWAYS_SEARCH_USER_PATHS = NO;
				BUNDLE_LOADER = "$(BUILT_PRODUCTS_DIR)/HitGame.app/HitGame";
				FRAMEWORK_SEARCH_PATHS = (
					"$(SDKROOT)/Developer/Library/Frameworks",
					"$(DEVELOPER_LIBRARY_DIR)/Frameworks",
				);
				GCC_PRECOMPILE_PREFIX_HEADER = YES;
				GCC_PREFIX_HEADER = "HitGameTests/HitGameTests-Prefix.pch";
				INFOPLIST_FILE = "HitGameTests/HitGameTests-Info.plist";
				OTHER_LDFLAGS = (
					"-framework",
					SenTestingKit,
				);
				PRODUCT_NAME = "$(TARGET_NAME)";
				TEST_HOST = "$(BUNDLE_LOADER)";
				WRAPPER_EXTENSION = octest;
			};
			name = Release;
		};
/* End XCBuildConfiguration section */

/* Begin XCConfigurationList section */
		CA6C739114AF064800E15785 /* Build configuration list for PBXProject "HitGame" */ = {
			isa = XCConfigurationList;
			buildConfigurations = (
				CA6C73CC14AF064900E15785 /* Debug */,
				CA6C73CD14AF064900E15785 /* Release */,
			);
			defaultConfigurationIsVisible = 0;
			defaultConfigurationName = Release;
		};
		CA6C73CE14AF064900E15785 /* Build configuration list for PBXNativeTarget "HitGame" */ = {
			isa = XCConfigurationList;
			buildConfigurations = (
				CA6C73CF14AF064900E15785 /* Debug */,
				CA6C73D014AF064900E15785 /* Release */,
			);
			defaultConfigurationIsVisible = 0;
			defaultConfigurationName = Release;
		};
		CA6C73D114AF064900E15785 /* Build configuration list for PBXNativeTarget "HitGameTests" */ = {
			isa = XCConfigurationList;
			buildConfigurations = (
				CA6C73D214AF064900E15785 /* Debug */,
				CA6C73D314AF064900E15785 /* Release */,
			);
			defaultConfigurationIsVisible = 0;
			defaultConfigurationName = Release;
		};
/* End XCConfigurationList section */
	};
	rootObject = CA6C738E14AF064800E15785 /* Project object */;
}
